// !$*UTF8*$!
{
	archiveVersion = 1;
	classes = {
	};
	objectVersion = 51;
	objects = {

/* Begin PBXBuildFile section */
		1697B60E53D4F2610A3F661F /* Pods_BoloIndya.framework in Frameworks */ = {isa = PBXBuildFile; fileRef = 7D2EE1296C237146CDA81176 /* Pods_BoloIndya.framework */; };
		1811310724D6C51F009DDB54 /* Languages.swift in Sources */ = {isa = PBXBuildFile; fileRef = 1811310624D6C51F009DDB54 /* Languages.swift */; };
		1811310924D6C637009DDB54 /* LanguageCollectionViewCell.swift in Sources */ = {isa = PBXBuildFile; fileRef = 1811310824D6C637009DDB54 /* LanguageCollectionViewCell.swift */; };
		181A96BB24DB100A00B360BA /* UploadLanguageCollectionViewCell.swift in Sources */ = {isa = PBXBuildFile; fileRef = 181A96BA24DB100A00B360BA /* UploadLanguageCollectionViewCell.swift */; };
		181A96BD24DB17ED00B360BA /* CategoryUploadCollectionViewCell.swift in Sources */ = {isa = PBXBuildFile; fileRef = 181A96BC24DB17ED00B360BA /* CategoryUploadCollectionViewCell.swift */; };
		182D541924B9CAB000B33ACE /* CreateVideoViewController.swift in Sources */ = {isa = PBXBuildFile; fileRef = 182D541824B9CAB000B33ACE /* CreateVideoViewController.swift */; };
		182D541D24B9CFF900B33ACE /* MainViewController.swift in Sources */ = {isa = PBXBuildFile; fileRef = 182D541C24B9CFF900B33ACE /* MainViewController.swift */; };
		183B4BAA24B86954003EC6D7 /* Topic.swift in Sources */ = {isa = PBXBuildFile; fileRef = 183B4BA924B86954003EC6D7 /* Topic.swift */; };
		183B4BAC24B86DE4003EC6D7 /* User.swift in Sources */ = {isa = PBXBuildFile; fileRef = 183B4BAB24B86DE4003EC6D7 /* User.swift */; };
		183B4BB124B887B3003EC6D7 /* VideoCell.swift in Sources */ = {isa = PBXBuildFile; fileRef = 183B4BB024B887B3003EC6D7 /* VideoCell.swift */; };
		183BDCC124B79C6D00ACF912 /* TrendingAndFollowingViewController.swift in Sources */ = {isa = PBXBuildFile; fileRef = 183BDCC024B79C6D00ACF912 /* TrendingAndFollowingViewController.swift */; };
		183BDCC424B7A41200ACF912 /* UserDefaults.swift in Sources */ = {isa = PBXBuildFile; fileRef = 183BDCC324B7A41200ACF912 /* UserDefaults.swift */; };
		183BDCC624B7BA4000ACF912 /* CurrentUserViewController.swift in Sources */ = {isa = PBXBuildFile; fileRef = 183BDCC524B7BA4000ACF912 /* CurrentUserViewController.swift */; };
		183BDCC824B7BD8400ACF912 /* NotificationViewController.swift in Sources */ = {isa = PBXBuildFile; fileRef = 183BDCC724B7BD8400ACF912 /* NotificationViewController.swift */; };
		183BDCCA24B7BF5600ACF912 /* DiscoverViewController.swift in Sources */ = {isa = PBXBuildFile; fileRef = 183BDCC924B7BF5600ACF912 /* DiscoverViewController.swift */; };
		18413AD424DF1EB600F3E2A1 /* SearchViewController.swift in Sources */ = {isa = PBXBuildFile; fileRef = 18413AD324DF1EB600F3E2A1 /* SearchViewController.swift */; };
		18413AD624DF20E500F3E2A1 /* DiscoverCell.swift in Sources */ = {isa = PBXBuildFile; fileRef = 18413AD524DF20E500F3E2A1 /* DiscoverCell.swift */; };
		18413AD824DF212300F3E2A1 /* SectionCell.swift in Sources */ = {isa = PBXBuildFile; fileRef = 18413AD724DF212300F3E2A1 /* SectionCell.swift */; };
		184924E824BB9325007F731E /* MenuViewCell.swift in Sources */ = {isa = PBXBuildFile; fileRef = 184924E724BB9325007F731E /* MenuViewCell.swift */; };
		1853A39924BDB78F00EE2595 /* ProfileViewController.swift in Sources */ = {isa = PBXBuildFile; fileRef = 1853A39824BDB78F00EE2595 /* ProfileViewController.swift */; };
		1856DDCA24BD014900DE8539 /* UserVideoCollectionViewCell.swift in Sources */ = {isa = PBXBuildFile; fileRef = 1856DDC824BD014900DE8539 /* UserVideoCollectionViewCell.swift */; };
		185CDBA224D9429700DCC756 /* FollowingFollowerViewController.swift in Sources */ = {isa = PBXBuildFile; fileRef = 185CDBA124D9429700DCC756 /* FollowingFollowerViewController.swift */; };
		185CDBA424D9450F00DCC756 /* FollowerViewCell.swift in Sources */ = {isa = PBXBuildFile; fileRef = 185CDBA324D9450F00DCC756 /* FollowerViewCell.swift */; };
		186234D724DF378D00A1AD74 /* HashSearchCollectionViewCell.swift in Sources */ = {isa = PBXBuildFile; fileRef = 186234D624DF378D00A1AD74 /* HashSearchCollectionViewCell.swift */; };
		1864A80424B9ADB400C08A4A /* NonActiveLanguageButton.swift in Sources */ = {isa = PBXBuildFile; fileRef = 1864A80324B9ADB400C08A4A /* NonActiveLanguageButton.swift */; };
		1864A80624B9B13300C08A4A /* ActiveLanguageButton.swift in Sources */ = {isa = PBXBuildFile; fileRef = 1864A80524B9B13300C08A4A /* ActiveLanguageButton.swift */; };
		1869071A24E0073700F6B2D7 /* Search.swift in Sources */ = {isa = PBXBuildFile; fileRef = 1869071924E0073700F6B2D7 /* Search.swift */; };
		18708AAE24DA8EB20006F356 /* ThumbailViewController.swift in Sources */ = {isa = PBXBuildFile; fileRef = 18708AAD24DA8EB20006F356 /* ThumbailViewController.swift */; };
		18708AB024DAC9EA0006F356 /* UploadVideoDetailsViewController.swift in Sources */ = {isa = PBXBuildFile; fileRef = 18708AAF24DAC9EA0006F356 /* UploadVideoDetailsViewController.swift */; };
		1871C4A324BB233400285DEC /* Notification.swift in Sources */ = {isa = PBXBuildFile; fileRef = 1871C4A224BB233400285DEC /* Notification.swift */; };
		1871C4B324BB41C600285DEC /* NotificationCell.swift in Sources */ = {isa = PBXBuildFile; fileRef = 1871C4B124BB41C600285DEC /* NotificationCell.swift */; };
		187DA64F24B89932005522FB /* LoginAndSignUpViewController.swift in Sources */ = {isa = PBXBuildFile; fileRef = 187DA64E24B89932005522FB /* LoginAndSignUpViewController.swift */; };
		187DA65224B8A36D005522FB /* Main.storyboard in Resources */ = {isa = PBXBuildFile; fileRef = 187DA65024B8A36D005522FB /* Main.storyboard */; };
		187F42E324BC934E00AC32ED /* CategoryViewCell.swift in Sources */ = {isa = PBXBuildFile; fileRef = 187F42E224BC934E00AC32ED /* CategoryViewCell.swift */; };
		18810FDB24DD3B4300AE93EE /* BannerCollectionViewCell.swift in Sources */ = {isa = PBXBuildFile; fileRef = 18810FDA24DD3B4300AE93EE /* BannerCollectionViewCell.swift */; };
		188C84CD24DDF6F4000DAE10 /* BoloIndya.swift in Sources */ = {isa = PBXBuildFile; fileRef = 188C84CC24DDF6F4000DAE10 /* BoloIndya.swift */; };
		18A4566324E3FAF500F20D17 /* Assets.xcassets in Resources */ = {isa = PBXBuildFile; fileRef = 18A4566224E3FAF500F20D17 /* Assets.xcassets */; };
		18AE861224CC139E000A3AAA /* ChooseLanguageFirstViewController.swift in Sources */ = {isa = PBXBuildFile; fileRef = 18AE861124CC139E000A3AAA /* ChooseLanguageFirstViewController.swift */; };
		18B56B5124CB49BB00CE7DE8 /* Comment.swift in Sources */ = {isa = PBXBuildFile; fileRef = 18B56B5024CB49BB00CE7DE8 /* Comment.swift */; };
		18B56B5324CB58E600CE7DE8 /* CommentViewCell.swift in Sources */ = {isa = PBXBuildFile; fileRef = 18B56B5224CB58E600CE7DE8 /* CommentViewCell.swift */; };
		18B72A7B24BDF217001E4D42 /* PlayerViewClass.swift in Sources */ = {isa = PBXBuildFile; fileRef = 18B72A7A24BDF217001E4D42 /* PlayerViewClass.swift */; };
		18C771B124CAD3A8007E3AC2 /* HashTagViewController.swift in Sources */ = {isa = PBXBuildFile; fileRef = 18C771B024CAD3A8007E3AC2 /* HashTagViewController.swift */; };
		18C771B324CB05AD007E3AC2 /* CategoryViewController.swift in Sources */ = {isa = PBXBuildFile; fileRef = 18C771B224CB05AD007E3AC2 /* CategoryViewController.swift */; };
		18C771B524CB2F20007E3AC2 /* Category.swift in Sources */ = {isa = PBXBuildFile; fileRef = 18C771B424CB2F20007E3AC2 /* Category.swift */; };
		18C771B724CB31FA007E3AC2 /* CategoryCollectionViewCell.swift in Sources */ = {isa = PBXBuildFile; fileRef = 18C771B624CB31FA007E3AC2 /* CategoryCollectionViewCell.swift */; };
		18CB49DB24BC6A6700212329 /* FeedBackViewController.swift in Sources */ = {isa = PBXBuildFile; fileRef = 18CB49DA24BC6A6700212329 /* FeedBackViewController.swift */; };
		18CB49DD24BC6C8C00212329 /* UpdateIntersetViewController.swift in Sources */ = {isa = PBXBuildFile; fileRef = 18CB49DC24BC6C8B00212329 /* UpdateIntersetViewController.swift */; };
		18CB49DF24BC6F8C00212329 /* TermsPagesViewController.swift in Sources */ = {isa = PBXBuildFile; fileRef = 18CB49DE24BC6F8C00212329 /* TermsPagesViewController.swift */; };
		18CE0DC424C0DFBE003B0E51 /* HashTag.swift in Sources */ = {isa = PBXBuildFile; fileRef = 18CE0DC324C0DFBE003B0E51 /* HashTag.swift */; };
		18F93B2D24B71D1C006621DB /* AppDelegate.swift in Sources */ = {isa = PBXBuildFile; fileRef = 18F93B2C24B71D1C006621DB /* AppDelegate.swift */; };
		18F93B2F24B71D1C006621DB /* SceneDelegate.swift in Sources */ = {isa = PBXBuildFile; fileRef = 18F93B2E24B71D1C006621DB /* SceneDelegate.swift */; };
		18F93B3124B71D1C006621DB /* ViewController.swift in Sources */ = {isa = PBXBuildFile; fileRef = 18F93B3024B71D1C006621DB /* ViewController.swift */; };
		18F93B3924B71D21006621DB /* LaunchScreen.storyboard in Resources */ = {isa = PBXBuildFile; fileRef = 18F93B3724B71D21006621DB /* LaunchScreen.storyboard */; };
		18F93B4224B72147006621DB /* ChooseLanguageController.swift in Sources */ = {isa = PBXBuildFile; fileRef = 18F93B4124B72147006621DB /* ChooseLanguageController.swift */; };
		18FD085C24BE25A1007E55D6 /* VideoViewController.swift in Sources */ = {isa = PBXBuildFile; fileRef = 18FD085B24BE25A1007E55D6 /* VideoViewController.swift */; };
		18FDCA8124DBEF7D00113CDC /* HashUploadCollectionViewCell.swift in Sources */ = {isa = PBXBuildFile; fileRef = 18FDCA8024DBEF7D00113CDC /* HashUploadCollectionViewCell.swift */; };
		274871B02516139600FE0A8A /* BoloIndya.entitlements in Resources */ = {isa = PBXBuildFile; fileRef = 1817215424ED84F600BF8201 /* BoloIndya.entitlements */; };
		35067C6B25A59E8000E7AF5B /* BICampaignModel.swift in Sources */ = {isa = PBXBuildFile; fileRef = 35067C6A25A59E8000E7AF5B /* BICampaignModel.swift */; };
		35067C6D25A59EFA00E7AF5B /* BICamapignStatusMessageModel.swift in Sources */ = {isa = PBXBuildFile; fileRef = 35067C6C25A59EFA00E7AF5B /* BICamapignStatusMessageModel.swift */; };
		35067C6F25A5A46A00E7AF5B /* String+Extension.swift in Sources */ = {isa = PBXBuildFile; fileRef = 35067C6E25A5A46A00E7AF5B /* String+Extension.swift */; };
		35067C7125A5B93100E7AF5B /* BIBannerRulesViewController.swift in Sources */ = {isa = PBXBuildFile; fileRef = 35067C7025A5B93100E7AF5B /* BIBannerRulesViewController.swift */; };
		35067C7325A5B95E00E7AF5B /* BIBannerRulesViewController.xib in Resources */ = {isa = PBXBuildFile; fileRef = 35067C7225A5B95E00E7AF5B /* BIBannerRulesViewController.xib */; };
		35067C7725A5C5FE00E7AF5B /* BIBannerWinnerTableCell.swift in Sources */ = {isa = PBXBuildFile; fileRef = 35067C7625A5C5FE00E7AF5B /* BIBannerWinnerTableCell.swift */; };
		35067C7925A5C61700E7AF5B /* BIBannerWinnerTableCell.xib in Resources */ = {isa = PBXBuildFile; fileRef = 35067C7825A5C61700E7AF5B /* BIBannerWinnerTableCell.xib */; };
		35067C7B25A5D81000E7AF5B /* BIDeeplinkHandler.swift in Sources */ = {isa = PBXBuildFile; fileRef = 35067C7A25A5D81000E7AF5B /* BIDeeplinkHandler.swift */; };
		3516D646258B399F00E05720 /* EventName.swift in Sources */ = {isa = PBXBuildFile; fileRef = 3516D645258B399F00E05720 /* EventName.swift */; };
		3545CE8E2589F6A60067B37A /* AdSupport.framework in Frameworks */ = {isa = PBXBuildFile; fileRef = 3545CE8D2589F6A60067B37A /* AdSupport.framework */; };
		3563E4E325A46713009A8F77 /* DiscoverBannerTableCell.swift in Sources */ = {isa = PBXBuildFile; fileRef = 3563E4E225A46713009A8F77 /* DiscoverBannerTableCell.swift */; };
		3563E52925A479A6009A8F77 /* BIBannerLandingViewController.swift in Sources */ = {isa = PBXBuildFile; fileRef = 3563E52825A479A6009A8F77 /* BIBannerLandingViewController.swift */; };
		3563E52C25A479C9009A8F77 /* BIBannerLandingViewController.xib in Resources */ = {isa = PBXBuildFile; fileRef = 3563E52B25A479C9009A8F77 /* BIBannerLandingViewController.xib */; };
		3563E52F25A48685009A8F77 /* BIHTMLViewController.swift in Sources */ = {isa = PBXBuildFile; fileRef = 3563E52E25A48685009A8F77 /* BIHTMLViewController.swift */; };
		3563E53125A48699009A8F77 /* BIHTMLViewController.xib in Resources */ = {isa = PBXBuildFile; fileRef = 3563E53025A48699009A8F77 /* BIHTMLViewController.xib */; };
		3563E53325A486D5009A8F77 /* BIVideoCollectionViewController.swift in Sources */ = {isa = PBXBuildFile; fileRef = 3563E53225A486D5009A8F77 /* BIVideoCollectionViewController.swift */; };
		3563E53525A486ED009A8F77 /* BIVideoCollectionViewController.xib in Resources */ = {isa = PBXBuildFile; fileRef = 3563E53425A486ED009A8F77 /* BIVideoCollectionViewController.xib */; };
		3563E53825A48723009A8F77 /* BIBannerWinnerViewController.swift in Sources */ = {isa = PBXBuildFile; fileRef = 3563E53725A48723009A8F77 /* BIBannerWinnerViewController.swift */; };
		3563E53A25A48736009A8F77 /* BIBannerWinnerViewController.xib in Resources */ = {isa = PBXBuildFile; fileRef = 3563E53925A48736009A8F77 /* BIBannerWinnerViewController.xib */; };
		3563E53E25A48A72009A8F77 /* BIVideoCollectionCell.swift in Sources */ = {isa = PBXBuildFile; fileRef = 3563E53D25A48A72009A8F77 /* BIVideoCollectionCell.swift */; };
		3563E54025A48AFE009A8F77 /* BIVideoCollectionCell.xib in Resources */ = {isa = PBXBuildFile; fileRef = 3563E53F25A48AFE009A8F77 /* BIVideoCollectionCell.xib */; };
		357B4213259081F3009229D8 /* BICommentView.swift in Sources */ = {isa = PBXBuildFile; fileRef = 357B4212259081F3009229D8 /* BICommentView.swift */; };
		357B42152590820B009229D8 /* BICommentView.xib in Resources */ = {isa = PBXBuildFile; fileRef = 357B42142590820B009229D8 /* BICommentView.xib */; };
		357B4219259084D1009229D8 /* BICommentTableCell.swift in Sources */ = {isa = PBXBuildFile; fileRef = 357B4218259084D1009229D8 /* BICommentTableCell.swift */; };
		357B421B259084F5009229D8 /* BICommentTableCell.xib in Resources */ = {isa = PBXBuildFile; fileRef = 357B421A259084F5009229D8 /* BICommentTableCell.xib */; };
		35911729258A0502005ECF65 /* WebEngageHelper.swift in Sources */ = {isa = PBXBuildFile; fileRef = 35911728258A0502005ECF65 /* WebEngageHelper.swift */; };
		3594F27925827FCE005B96DC /* VideoHelper.swift in Sources */ = {isa = PBXBuildFile; fileRef = 3594F27825827FCE005B96DC /* VideoHelper.swift */; };
		3594F27F2584A48E005B96DC /* UIColor+Extension.swift in Sources */ = {isa = PBXBuildFile; fileRef = 3594F27E2584A48E005B96DC /* UIColor+Extension.swift */; };
		3594F28E2585601D005B96DC /* UIImage+Extension.swift in Sources */ = {isa = PBXBuildFile; fileRef = 3594F28D2585601D005B96DC /* UIImage+Extension.swift */; };
		3594F2B225877D8C005B96DC /* UIActivity+Extension.swift in Sources */ = {isa = PBXBuildFile; fileRef = 3594F2B125877D8B005B96DC /* UIActivity+Extension.swift */; };
		359DEA8425810222002B31A8 /* UIView+Extension.swift in Sources */ = {isa = PBXBuildFile; fileRef = 359DEA8325810222002B31A8 /* UIView+Extension.swift */; };
		359DEA872581023D002B31A8 /* UITableViewCell+Extension.swift in Sources */ = {isa = PBXBuildFile; fileRef = 359DEA862581023D002B31A8 /* UITableViewCell+Extension.swift */; };
		359DEAD325821B3C002B31A8 /* SwiftyCamButton.swift in Sources */ = {isa = PBXBuildFile; fileRef = 359DEACE25821B3C002B31A8 /* SwiftyCamButton.swift */; };
		359DEAD425821B3C002B31A8 /* PreviewView.swift in Sources */ = {isa = PBXBuildFile; fileRef = 359DEACF25821B3C002B31A8 /* PreviewView.swift */; };
		359DEAD525821B3C002B31A8 /* SwiftyCamViewController.swift in Sources */ = {isa = PBXBuildFile; fileRef = 359DEAD025821B3C002B31A8 /* SwiftyCamViewController.swift */; };
		359DEAD625821B3C002B31A8 /* SwiftyCamViewControllerDelegate.swift in Sources */ = {isa = PBXBuildFile; fileRef = 359DEAD125821B3C002B31A8 /* SwiftyCamViewControllerDelegate.swift */; };
		359DEAD725821B3C002B31A8 /* Orientation.swift in Sources */ = {isa = PBXBuildFile; fileRef = 359DEAD225821B3C002B31A8 /* Orientation.swift */; };
		35A2D8CE258DEB8F00DA85ED /* SelectedHastagCollectionCell.swift in Sources */ = {isa = PBXBuildFile; fileRef = 35A2D8CD258DEB8F00DA85ED /* SelectedHastagCollectionCell.swift */; };
		35C24FB425947A7300CF5200 /* KeychainHelper.swift in Sources */ = {isa = PBXBuildFile; fileRef = 35C24FB325947A7300CF5200 /* KeychainHelper.swift */; };
		35E25C362590889A00F15EF3 /* UICollectionView+Extension.swift in Sources */ = {isa = PBXBuildFile; fileRef = 35E25C352590889A00F15EF3 /* UICollectionView+Extension.swift */; };
		35E25C38259088C800F15EF3 /* NSObject+Extension.swift in Sources */ = {isa = PBXBuildFile; fileRef = 35E25C37259088C800F15EF3 /* NSObject+Extension.swift */; };
		35E25C3B259088F800F15EF3 /* ClassNameProtocol.swift in Sources */ = {isa = PBXBuildFile; fileRef = 35E25C3A259088F800F15EF3 /* ClassNameProtocol.swift */; };
		35E25C3E2590895C00F15EF3 /* UIViewController+Extension.swift in Sources */ = {isa = PBXBuildFile; fileRef = 35E25C3D2590895C00F15EF3 /* UIViewController+Extension.swift */; };
		35E25C4025908B5600F15EF3 /* UITableView+Extension.swift in Sources */ = {isa = PBXBuildFile; fileRef = 35E25C3F25908B5600F15EF3 /* UITableView+Extension.swift */; };
		35E25C4325909A5700F15EF3 /* BICommentLoadingCell.swift in Sources */ = {isa = PBXBuildFile; fileRef = 35E25C4225909A5700F15EF3 /* BICommentLoadingCell.swift */; };
		35E25C4525909A9000F15EF3 /* BICommentLoadingCell.xib in Resources */ = {isa = PBXBuildFile; fileRef = 35E25C4425909A9000F15EF3 /* BICommentLoadingCell.xib */; };
		35E25C6F2590AEBE00F15EF3 /* KeyboardHandler.swift in Sources */ = {isa = PBXBuildFile; fileRef = 35E25C6E2590AEBE00F15EF3 /* KeyboardHandler.swift */; };
		35E7716C259A06AE00BE4529 /* UIApplication+Extension.swift in Sources */ = {isa = PBXBuildFile; fileRef = 35E7716B259A06AE00BE4529 /* UIApplication+Extension.swift */; };
		35E7716F259B1D6000BE4529 /* BIReportViewController.swift in Sources */ = {isa = PBXBuildFile; fileRef = 35E7716E259B1D5F00BE4529 /* BIReportViewController.swift */; };
		35E77171259B1D7A00BE4529 /* BIReportViewController.xib in Resources */ = {isa = PBXBuildFile; fileRef = 35E77170259B1D7A00BE4529 /* BIReportViewController.xib */; };
		35E77174259B23AE00BE4529 /* BIReportTableCell.swift in Sources */ = {isa = PBXBuildFile; fileRef = 35E77173259B23AE00BE4529 /* BIReportTableCell.swift */; };
		35E77176259B23C700BE4529 /* BIReportTableCell.xib in Resources */ = {isa = PBXBuildFile; fileRef = 35E77175259B23C700BE4529 /* BIReportTableCell.xib */; };
		35E77178259B587500BE4529 /* BIReportModel.swift in Sources */ = {isa = PBXBuildFile; fileRef = 35E77177259B587400BE4529 /* BIReportModel.swift */; };
		6E8584442506859F00A0A7B2 /* ConstantsUrl.swift in Sources */ = {isa = PBXBuildFile; fileRef = 6E8584432506859F00A0A7B2 /* ConstantsUrl.swift */; };
		6EB4AED524FB8CE700C01D72 /* GoogleService-Info.plist in Resources */ = {isa = PBXBuildFile; fileRef = 6EB4AED424FB8CE700C01D72 /* GoogleService-Info.plist */; };
		6EB4AED724FB99BC00C01D72 /* UserProfileStorybaord.storyboard in Resources */ = {isa = PBXBuildFile; fileRef = 6EB4AED624FB99BC00C01D72 /* UserProfileStorybaord.storyboard */; };
		6EB4AEDB24FBA60100C01D72 /* UserProfileEditVC.swift in Sources */ = {isa = PBXBuildFile; fileRef = 6EB4AEDA24FBA60100C01D72 /* UserProfileEditVC.swift */; };
		6EB4AEDE24FBEF0000C01D72 /* UIImageView+Extension.swift in Sources */ = {isa = PBXBuildFile; fileRef = 6EB4AEDD24FBEF0000C01D72 /* UIImageView+Extension.swift */; };
		6EBBB8A2250933C400A1B4C0 /* AppUtils.swift in Sources */ = {isa = PBXBuildFile; fileRef = 6EBBB8A1250933C400A1B4C0 /* AppUtils.swift */; };
		6EBBB8A62509428F00A1B4C0 /* Constants.swift in Sources */ = {isa = PBXBuildFile; fileRef = 6EBBB8A52509428F00A1B4C0 /* Constants.swift */; };
		6EBBB8A92509461D00A1B4C0 /* AFWrapper.swift in Sources */ = {isa = PBXBuildFile; fileRef = 6EBBB8A82509461D00A1B4C0 /* AFWrapper.swift */; };
		6EBBB8B125094A6D00A1B4C0 /* Connectivity.swift in Sources */ = {isa = PBXBuildFile; fileRef = 6EBBB8B025094A6D00A1B4C0 /* Connectivity.swift */; };
		6EEA92972509599200B1858B /* BaseVC.swift in Sources */ = {isa = PBXBuildFile; fileRef = 6EEA92962509599200B1858B /* BaseVC.swift */; };
		6EEA92A2250A5B0900B1858B /* LoginUser.swift in Sources */ = {isa = PBXBuildFile; fileRef = 6EEA929F250A5B0900B1858B /* LoginUser.swift */; };
		6EEA92A3250A5B0900B1858B /* LoginUserInfo.swift in Sources */ = {isa = PBXBuildFile; fileRef = 6EEA92A0250A5B0900B1858B /* LoginUserInfo.swift */; };
		6EEA92A4250A5B0900B1858B /* LoginUserprofile.swift in Sources */ = {isa = PBXBuildFile; fileRef = 6EEA92A1250A5B0900B1858B /* LoginUserprofile.swift */; };
		6EEA92A7250AAE0A00B1858B /* ErrorCell.swift in Sources */ = {isa = PBXBuildFile; fileRef = 6EEA92A5250AAE0900B1858B /* ErrorCell.swift */; };
		6EEA92A8250AAE0A00B1858B /* ErrorCell.xib in Resources */ = {isa = PBXBuildFile; fileRef = 6EEA92A6250AAE0900B1858B /* ErrorCell.xib */; };
		6EEA92AA250ADED500B1858B /* Date.swift in Sources */ = {isa = PBXBuildFile; fileRef = 6EEA92A9250ADED500B1858B /* Date.swift */; };
		6EEA92AE250BDB3B00B1858B /* SelfSizedTableView.swift in Sources */ = {isa = PBXBuildFile; fileRef = 6EEA92AD250BDB3B00B1858B /* SelfSizedTableView.swift */; };
/* End PBXBuildFile section */

/* Begin PBXFileReference section */
		1811310624D6C51F009DDB54 /* Languages.swift */ = {isa = PBXFileReference; lastKnownFileType = sourcecode.swift; path = Languages.swift; sourceTree = "<group>"; };
		1811310824D6C637009DDB54 /* LanguageCollectionViewCell.swift */ = {isa = PBXFileReference; lastKnownFileType = sourcecode.swift; path = LanguageCollectionViewCell.swift; sourceTree = "<group>"; };
		1817215424ED84F600BF8201 /* BoloIndya.entitlements */ = {isa = PBXFileReference; fileEncoding = 4; lastKnownFileType = text.plist.entitlements; path = BoloIndya.entitlements; sourceTree = "<group>"; };
		181A96BA24DB100A00B360BA /* UploadLanguageCollectionViewCell.swift */ = {isa = PBXFileReference; lastKnownFileType = sourcecode.swift; path = UploadLanguageCollectionViewCell.swift; sourceTree = "<group>"; };
		181A96BC24DB17ED00B360BA /* CategoryUploadCollectionViewCell.swift */ = {isa = PBXFileReference; lastKnownFileType = sourcecode.swift; path = CategoryUploadCollectionViewCell.swift; sourceTree = "<group>"; };
		182D541824B9CAB000B33ACE /* CreateVideoViewController.swift */ = {isa = PBXFileReference; lastKnownFileType = sourcecode.swift; path = CreateVideoViewController.swift; sourceTree = "<group>"; };
		182D541C24B9CFF900B33ACE /* MainViewController.swift */ = {isa = PBXFileReference; lastKnownFileType = sourcecode.swift; path = MainViewController.swift; sourceTree = "<group>"; };
		183B4BA924B86954003EC6D7 /* Topic.swift */ = {isa = PBXFileReference; lastKnownFileType = sourcecode.swift; path = Topic.swift; sourceTree = "<group>"; };
		183B4BAB24B86DE4003EC6D7 /* User.swift */ = {isa = PBXFileReference; lastKnownFileType = sourcecode.swift; path = User.swift; sourceTree = "<group>"; };
		183B4BB024B887B3003EC6D7 /* VideoCell.swift */ = {isa = PBXFileReference; lastKnownFileType = sourcecode.swift; path = VideoCell.swift; sourceTree = "<group>"; };
		183BDCC024B79C6D00ACF912 /* TrendingAndFollowingViewController.swift */ = {isa = PBXFileReference; lastKnownFileType = sourcecode.swift; path = TrendingAndFollowingViewController.swift; sourceTree = "<group>"; };
		183BDCC324B7A41200ACF912 /* UserDefaults.swift */ = {isa = PBXFileReference; lastKnownFileType = sourcecode.swift; path = UserDefaults.swift; sourceTree = "<group>"; };
		183BDCC524B7BA4000ACF912 /* CurrentUserViewController.swift */ = {isa = PBXFileReference; lastKnownFileType = sourcecode.swift; path = CurrentUserViewController.swift; sourceTree = "<group>"; };
		183BDCC724B7BD8400ACF912 /* NotificationViewController.swift */ = {isa = PBXFileReference; lastKnownFileType = sourcecode.swift; path = NotificationViewController.swift; sourceTree = "<group>"; };
		183BDCC924B7BF5600ACF912 /* DiscoverViewController.swift */ = {isa = PBXFileReference; lastKnownFileType = sourcecode.swift; path = DiscoverViewController.swift; sourceTree = "<group>"; };
		18413AD324DF1EB600F3E2A1 /* SearchViewController.swift */ = {isa = PBXFileReference; lastKnownFileType = sourcecode.swift; path = SearchViewController.swift; sourceTree = "<group>"; };
		18413AD524DF20E500F3E2A1 /* DiscoverCell.swift */ = {isa = PBXFileReference; lastKnownFileType = sourcecode.swift; path = DiscoverCell.swift; sourceTree = "<group>"; };
		18413AD724DF212300F3E2A1 /* SectionCell.swift */ = {isa = PBXFileReference; lastKnownFileType = sourcecode.swift; path = SectionCell.swift; sourceTree = "<group>"; };
		184924E724BB9325007F731E /* MenuViewCell.swift */ = {isa = PBXFileReference; lastKnownFileType = sourcecode.swift; path = MenuViewCell.swift; sourceTree = "<group>"; };
		1853A39824BDB78F00EE2595 /* ProfileViewController.swift */ = {isa = PBXFileReference; lastKnownFileType = sourcecode.swift; path = ProfileViewController.swift; sourceTree = "<group>"; };
		1856DDC824BD014900DE8539 /* UserVideoCollectionViewCell.swift */ = {isa = PBXFileReference; lastKnownFileType = sourcecode.swift; path = UserVideoCollectionViewCell.swift; sourceTree = "<group>"; };
		185CDBA124D9429700DCC756 /* FollowingFollowerViewController.swift */ = {isa = PBXFileReference; lastKnownFileType = sourcecode.swift; path = FollowingFollowerViewController.swift; sourceTree = "<group>"; };
		185CDBA324D9450F00DCC756 /* FollowerViewCell.swift */ = {isa = PBXFileReference; lastKnownFileType = sourcecode.swift; path = FollowerViewCell.swift; sourceTree = "<group>"; };
		186234D624DF378D00A1AD74 /* HashSearchCollectionViewCell.swift */ = {isa = PBXFileReference; lastKnownFileType = sourcecode.swift; path = HashSearchCollectionViewCell.swift; sourceTree = "<group>"; };
		1864A80324B9ADB400C08A4A /* NonActiveLanguageButton.swift */ = {isa = PBXFileReference; lastKnownFileType = sourcecode.swift; path = NonActiveLanguageButton.swift; sourceTree = "<group>"; };
		1864A80524B9B13300C08A4A /* ActiveLanguageButton.swift */ = {isa = PBXFileReference; lastKnownFileType = sourcecode.swift; path = ActiveLanguageButton.swift; sourceTree = "<group>"; };
		1869071924E0073700F6B2D7 /* Search.swift */ = {isa = PBXFileReference; lastKnownFileType = sourcecode.swift; path = Search.swift; sourceTree = "<group>"; };
		18708AAD24DA8EB20006F356 /* ThumbailViewController.swift */ = {isa = PBXFileReference; lastKnownFileType = sourcecode.swift; path = ThumbailViewController.swift; sourceTree = "<group>"; };
		18708AAF24DAC9EA0006F356 /* UploadVideoDetailsViewController.swift */ = {isa = PBXFileReference; lastKnownFileType = sourcecode.swift; path = UploadVideoDetailsViewController.swift; sourceTree = "<group>"; };
		1871C4A224BB233400285DEC /* Notification.swift */ = {isa = PBXFileReference; lastKnownFileType = sourcecode.swift; path = Notification.swift; sourceTree = "<group>"; };
		1871C4B124BB41C600285DEC /* NotificationCell.swift */ = {isa = PBXFileReference; lastKnownFileType = sourcecode.swift; path = NotificationCell.swift; sourceTree = "<group>"; };
		187DA64E24B89932005522FB /* LoginAndSignUpViewController.swift */ = {isa = PBXFileReference; lastKnownFileType = sourcecode.swift; path = LoginAndSignUpViewController.swift; sourceTree = "<group>"; };
		187DA65124B8A36D005522FB /* Base */ = {isa = PBXFileReference; lastKnownFileType = file.storyboard; name = Base; path = Base.lproj/Main.storyboard; sourceTree = "<group>"; };
		187F42E224BC934E00AC32ED /* CategoryViewCell.swift */ = {isa = PBXFileReference; lastKnownFileType = sourcecode.swift; path = CategoryViewCell.swift; sourceTree = "<group>"; };
		18810FDA24DD3B4300AE93EE /* BannerCollectionViewCell.swift */ = {isa = PBXFileReference; lastKnownFileType = sourcecode.swift; path = BannerCollectionViewCell.swift; sourceTree = "<group>"; };
		188C84CC24DDF6F4000DAE10 /* BoloIndya.swift */ = {isa = PBXFileReference; lastKnownFileType = sourcecode.swift; path = BoloIndya.swift; sourceTree = "<group>"; };
		18A4566224E3FAF500F20D17 /* Assets.xcassets */ = {isa = PBXFileReference; lastKnownFileType = folder.assetcatalog; path = Assets.xcassets; sourceTree = "<group>"; };
		18AE861124CC139E000A3AAA /* ChooseLanguageFirstViewController.swift */ = {isa = PBXFileReference; lastKnownFileType = sourcecode.swift; path = ChooseLanguageFirstViewController.swift; sourceTree = "<group>"; };
		18B56B5024CB49BB00CE7DE8 /* Comment.swift */ = {isa = PBXFileReference; lastKnownFileType = sourcecode.swift; path = Comment.swift; sourceTree = "<group>"; };
		18B56B5224CB58E600CE7DE8 /* CommentViewCell.swift */ = {isa = PBXFileReference; lastKnownFileType = sourcecode.swift; path = CommentViewCell.swift; sourceTree = "<group>"; };
		18B72A7A24BDF217001E4D42 /* PlayerViewClass.swift */ = {isa = PBXFileReference; lastKnownFileType = sourcecode.swift; path = PlayerViewClass.swift; sourceTree = "<group>"; };
		18C771B024CAD3A8007E3AC2 /* HashTagViewController.swift */ = {isa = PBXFileReference; lastKnownFileType = sourcecode.swift; path = HashTagViewController.swift; sourceTree = "<group>"; };
		18C771B224CB05AD007E3AC2 /* CategoryViewController.swift */ = {isa = PBXFileReference; lastKnownFileType = sourcecode.swift; path = CategoryViewController.swift; sourceTree = "<group>"; };
		18C771B424CB2F20007E3AC2 /* Category.swift */ = {isa = PBXFileReference; lastKnownFileType = sourcecode.swift; path = Category.swift; sourceTree = "<group>"; };
		18C771B624CB31FA007E3AC2 /* CategoryCollectionViewCell.swift */ = {isa = PBXFileReference; lastKnownFileType = sourcecode.swift; path = CategoryCollectionViewCell.swift; sourceTree = "<group>"; };
		18CB49DA24BC6A6700212329 /* FeedBackViewController.swift */ = {isa = PBXFileReference; lastKnownFileType = sourcecode.swift; path = FeedBackViewController.swift; sourceTree = "<group>"; };
		18CB49DC24BC6C8B00212329 /* UpdateIntersetViewController.swift */ = {isa = PBXFileReference; lastKnownFileType = sourcecode.swift; path = UpdateIntersetViewController.swift; sourceTree = "<group>"; };
		18CB49DE24BC6F8C00212329 /* TermsPagesViewController.swift */ = {isa = PBXFileReference; lastKnownFileType = sourcecode.swift; path = TermsPagesViewController.swift; sourceTree = "<group>"; };
		18CE0DC324C0DFBE003B0E51 /* HashTag.swift */ = {isa = PBXFileReference; lastKnownFileType = sourcecode.swift; path = HashTag.swift; sourceTree = "<group>"; };
		18F93B2924B71D1C006621DB /* BoloIndya.app */ = {isa = PBXFileReference; explicitFileType = wrapper.application; includeInIndex = 0; path = BoloIndya.app; sourceTree = BUILT_PRODUCTS_DIR; };
		18F93B2C24B71D1C006621DB /* AppDelegate.swift */ = {isa = PBXFileReference; lastKnownFileType = sourcecode.swift; path = AppDelegate.swift; sourceTree = "<group>"; };
		18F93B2E24B71D1C006621DB /* SceneDelegate.swift */ = {isa = PBXFileReference; lastKnownFileType = sourcecode.swift; path = SceneDelegate.swift; sourceTree = "<group>"; };
		18F93B3024B71D1C006621DB /* ViewController.swift */ = {isa = PBXFileReference; lastKnownFileType = sourcecode.swift; path = ViewController.swift; sourceTree = "<group>"; };
		18F93B3824B71D21006621DB /* Base */ = {isa = PBXFileReference; lastKnownFileType = file.storyboard; name = Base; path = Base.lproj/LaunchScreen.storyboard; sourceTree = "<group>"; };
		18F93B3A24B71D21006621DB /* Info.plist */ = {isa = PBXFileReference; lastKnownFileType = text.plist.xml; path = Info.plist; sourceTree = "<group>"; };
		18F93B4124B72147006621DB /* ChooseLanguageController.swift */ = {isa = PBXFileReference; lastKnownFileType = sourcecode.swift; path = ChooseLanguageController.swift; sourceTree = "<group>"; };
		18FD085B24BE25A1007E55D6 /* VideoViewController.swift */ = {isa = PBXFileReference; lastKnownFileType = sourcecode.swift; path = VideoViewController.swift; sourceTree = "<group>"; };
		18FDCA8024DBEF7D00113CDC /* HashUploadCollectionViewCell.swift */ = {isa = PBXFileReference; lastKnownFileType = sourcecode.swift; path = HashUploadCollectionViewCell.swift; sourceTree = "<group>"; };
		1B623EE2182CDA4627DA28CE /* Pods-BoloIndya.release.xcconfig */ = {isa = PBXFileReference; includeInIndex = 1; lastKnownFileType = text.xcconfig; name = "Pods-BoloIndya.release.xcconfig"; path = "Target Support Files/Pods-BoloIndya/Pods-BoloIndya.release.xcconfig"; sourceTree = "<group>"; };
		35067C6A25A59E8000E7AF5B /* BICampaignModel.swift */ = {isa = PBXFileReference; lastKnownFileType = sourcecode.swift; path = BICampaignModel.swift; sourceTree = "<group>"; };
		35067C6C25A59EFA00E7AF5B /* BICamapignStatusMessageModel.swift */ = {isa = PBXFileReference; lastKnownFileType = sourcecode.swift; path = BICamapignStatusMessageModel.swift; sourceTree = "<group>"; };
		35067C6E25A5A46A00E7AF5B /* String+Extension.swift */ = {isa = PBXFileReference; lastKnownFileType = sourcecode.swift; path = "String+Extension.swift"; sourceTree = "<group>"; };
		35067C7025A5B93100E7AF5B /* BIBannerRulesViewController.swift */ = {isa = PBXFileReference; lastKnownFileType = sourcecode.swift; path = BIBannerRulesViewController.swift; sourceTree = "<group>"; };
		35067C7225A5B95E00E7AF5B /* BIBannerRulesViewController.xib */ = {isa = PBXFileReference; lastKnownFileType = file.xib; path = BIBannerRulesViewController.xib; sourceTree = "<group>"; };
		35067C7625A5C5FE00E7AF5B /* BIBannerWinnerTableCell.swift */ = {isa = PBXFileReference; lastKnownFileType = sourcecode.swift; path = BIBannerWinnerTableCell.swift; sourceTree = "<group>"; };
		35067C7825A5C61700E7AF5B /* BIBannerWinnerTableCell.xib */ = {isa = PBXFileReference; lastKnownFileType = file.xib; path = BIBannerWinnerTableCell.xib; sourceTree = "<group>"; };
		35067C7A25A5D81000E7AF5B /* BIDeeplinkHandler.swift */ = {isa = PBXFileReference; lastKnownFileType = sourcecode.swift; path = BIDeeplinkHandler.swift; sourceTree = "<group>"; };
		3516D645258B399F00E05720 /* EventName.swift */ = {isa = PBXFileReference; lastKnownFileType = sourcecode.swift; path = EventName.swift; sourceTree = "<group>"; };
		3545CE7E2589F6180067B37A /* WebEngage.framework */ = {isa = PBXFileReference; lastKnownFileType = wrapper.framework; name = WebEngage.framework; path = ../../../Downloads/WebEngageFramework/xc9/WebEngage.framework; sourceTree = "<group>"; };
		3545CE892589F68E0067B37A /* SystemConfiguration.framework */ = {isa = PBXFileReference; lastKnownFileType = wrapper.framework; name = SystemConfiguration.framework; path = System/Library/Frameworks/SystemConfiguration.framework; sourceTree = SDKROOT; };
		3545CE8B2589F69B0067B37A /* CoreLocation.framework */ = {isa = PBXFileReference; lastKnownFileType = wrapper.framework; name = CoreLocation.framework; path = System/Library/Frameworks/CoreLocation.framework; sourceTree = SDKROOT; };
		3545CE8D2589F6A60067B37A /* AdSupport.framework */ = {isa = PBXFileReference; lastKnownFileType = wrapper.framework; name = AdSupport.framework; path = System/Library/Frameworks/AdSupport.framework; sourceTree = SDKROOT; };
		3563E4E225A46713009A8F77 /* DiscoverBannerTableCell.swift */ = {isa = PBXFileReference; lastKnownFileType = sourcecode.swift; path = DiscoverBannerTableCell.swift; sourceTree = "<group>"; };
		3563E52825A479A6009A8F77 /* BIBannerLandingViewController.swift */ = {isa = PBXFileReference; lastKnownFileType = sourcecode.swift; path = BIBannerLandingViewController.swift; sourceTree = "<group>"; };
		3563E52B25A479C9009A8F77 /* BIBannerLandingViewController.xib */ = {isa = PBXFileReference; lastKnownFileType = file.xib; path = BIBannerLandingViewController.xib; sourceTree = "<group>"; };
		3563E52E25A48685009A8F77 /* BIHTMLViewController.swift */ = {isa = PBXFileReference; lastKnownFileType = sourcecode.swift; path = BIHTMLViewController.swift; sourceTree = "<group>"; };
		3563E53025A48699009A8F77 /* BIHTMLViewController.xib */ = {isa = PBXFileReference; lastKnownFileType = file.xib; path = BIHTMLViewController.xib; sourceTree = "<group>"; };
		3563E53225A486D5009A8F77 /* BIVideoCollectionViewController.swift */ = {isa = PBXFileReference; lastKnownFileType = sourcecode.swift; path = BIVideoCollectionViewController.swift; sourceTree = "<group>"; };
		3563E53425A486ED009A8F77 /* BIVideoCollectionViewController.xib */ = {isa = PBXFileReference; lastKnownFileType = file.xib; path = BIVideoCollectionViewController.xib; sourceTree = "<group>"; };
		3563E53725A48723009A8F77 /* BIBannerWinnerViewController.swift */ = {isa = PBXFileReference; lastKnownFileType = sourcecode.swift; path = BIBannerWinnerViewController.swift; sourceTree = "<group>"; };
		3563E53925A48736009A8F77 /* BIBannerWinnerViewController.xib */ = {isa = PBXFileReference; lastKnownFileType = file.xib; path = BIBannerWinnerViewController.xib; sourceTree = "<group>"; };
		3563E53D25A48A72009A8F77 /* BIVideoCollectionCell.swift */ = {isa = PBXFileReference; lastKnownFileType = sourcecode.swift; path = BIVideoCollectionCell.swift; sourceTree = "<group>"; };
		3563E53F25A48AFE009A8F77 /* BIVideoCollectionCell.xib */ = {isa = PBXFileReference; lastKnownFileType = file.xib; path = BIVideoCollectionCell.xib; sourceTree = "<group>"; };
		357B4212259081F3009229D8 /* BICommentView.swift */ = {isa = PBXFileReference; lastKnownFileType = sourcecode.swift; path = BICommentView.swift; sourceTree = "<group>"; };
		357B42142590820B009229D8 /* BICommentView.xib */ = {isa = PBXFileReference; lastKnownFileType = file.xib; path = BICommentView.xib; sourceTree = "<group>"; };
		357B4218259084D1009229D8 /* BICommentTableCell.swift */ = {isa = PBXFileReference; lastKnownFileType = sourcecode.swift; path = BICommentTableCell.swift; sourceTree = "<group>"; };
		357B421A259084F5009229D8 /* BICommentTableCell.xib */ = {isa = PBXFileReference; lastKnownFileType = file.xib; path = BICommentTableCell.xib; sourceTree = "<group>"; };
		357DD52C258A41E300396775 /* WebEngage.framework */ = {isa = PBXFileReference; lastKnownFileType = wrapper.framework; name = WebEngage.framework; path = ../../../Downloads/WebEngage.framework; sourceTree = "<group>"; };
		359117252589F994005ECF65 /* BoloIndya-Bridging-Header.h */ = {isa = PBXFileReference; lastKnownFileType = sourcecode.c.h; path = "BoloIndya-Bridging-Header.h"; sourceTree = "<group>"; };
		35911728258A0502005ECF65 /* WebEngageHelper.swift */ = {isa = PBXFileReference; lastKnownFileType = sourcecode.swift; path = WebEngageHelper.swift; sourceTree = "<group>"; };
		3594F27825827FCE005B96DC /* VideoHelper.swift */ = {isa = PBXFileReference; lastKnownFileType = sourcecode.swift; path = VideoHelper.swift; sourceTree = "<group>"; };
		3594F27E2584A48E005B96DC /* UIColor+Extension.swift */ = {isa = PBXFileReference; lastKnownFileType = sourcecode.swift; path = "UIColor+Extension.swift"; sourceTree = "<group>"; };
		3594F28D2585601D005B96DC /* UIImage+Extension.swift */ = {isa = PBXFileReference; lastKnownFileType = sourcecode.swift; path = "UIImage+Extension.swift"; sourceTree = "<group>"; };
		3594F2B125877D8B005B96DC /* UIActivity+Extension.swift */ = {isa = PBXFileReference; lastKnownFileType = sourcecode.swift; path = "UIActivity+Extension.swift"; sourceTree = "<group>"; };
		359DEA8325810222002B31A8 /* UIView+Extension.swift */ = {isa = PBXFileReference; lastKnownFileType = sourcecode.swift; path = "UIView+Extension.swift"; sourceTree = "<group>"; };
		359DEA862581023D002B31A8 /* UITableViewCell+Extension.swift */ = {isa = PBXFileReference; lastKnownFileType = sourcecode.swift; path = "UITableViewCell+Extension.swift"; sourceTree = "<group>"; };
		359DEACE25821B3C002B31A8 /* SwiftyCamButton.swift */ = {isa = PBXFileReference; fileEncoding = 4; lastKnownFileType = sourcecode.swift; path = SwiftyCamButton.swift; sourceTree = "<group>"; };
		359DEACF25821B3C002B31A8 /* PreviewView.swift */ = {isa = PBXFileReference; fileEncoding = 4; lastKnownFileType = sourcecode.swift; path = PreviewView.swift; sourceTree = "<group>"; };
		359DEAD025821B3C002B31A8 /* SwiftyCamViewController.swift */ = {isa = PBXFileReference; fileEncoding = 4; lastKnownFileType = sourcecode.swift; path = SwiftyCamViewController.swift; sourceTree = "<group>"; };
		359DEAD125821B3C002B31A8 /* SwiftyCamViewControllerDelegate.swift */ = {isa = PBXFileReference; fileEncoding = 4; lastKnownFileType = sourcecode.swift; path = SwiftyCamViewControllerDelegate.swift; sourceTree = "<group>"; };
		359DEAD225821B3C002B31A8 /* Orientation.swift */ = {isa = PBXFileReference; fileEncoding = 4; lastKnownFileType = sourcecode.swift; path = Orientation.swift; sourceTree = "<group>"; };
		35A2D8CD258DEB8F00DA85ED /* SelectedHastagCollectionCell.swift */ = {isa = PBXFileReference; lastKnownFileType = sourcecode.swift; path = SelectedHastagCollectionCell.swift; sourceTree = "<group>"; };
		35C24FB325947A7300CF5200 /* KeychainHelper.swift */ = {isa = PBXFileReference; lastKnownFileType = sourcecode.swift; path = KeychainHelper.swift; sourceTree = "<group>"; };
		35E25C352590889A00F15EF3 /* UICollectionView+Extension.swift */ = {isa = PBXFileReference; lastKnownFileType = sourcecode.swift; path = "UICollectionView+Extension.swift"; sourceTree = "<group>"; };
		35E25C37259088C800F15EF3 /* NSObject+Extension.swift */ = {isa = PBXFileReference; lastKnownFileType = sourcecode.swift; path = "NSObject+Extension.swift"; sourceTree = "<group>"; };
		35E25C3A259088F800F15EF3 /* ClassNameProtocol.swift */ = {isa = PBXFileReference; lastKnownFileType = sourcecode.swift; path = ClassNameProtocol.swift; sourceTree = "<group>"; };
		35E25C3D2590895C00F15EF3 /* UIViewController+Extension.swift */ = {isa = PBXFileReference; lastKnownFileType = sourcecode.swift; path = "UIViewController+Extension.swift"; sourceTree = "<group>"; };
		35E25C3F25908B5600F15EF3 /* UITableView+Extension.swift */ = {isa = PBXFileReference; lastKnownFileType = sourcecode.swift; path = "UITableView+Extension.swift"; sourceTree = "<group>"; };
		35E25C4225909A5700F15EF3 /* BICommentLoadingCell.swift */ = {isa = PBXFileReference; lastKnownFileType = sourcecode.swift; path = BICommentLoadingCell.swift; sourceTree = "<group>"; };
		35E25C4425909A9000F15EF3 /* BICommentLoadingCell.xib */ = {isa = PBXFileReference; lastKnownFileType = file.xib; path = BICommentLoadingCell.xib; sourceTree = "<group>"; };
		35E25C6E2590AEBE00F15EF3 /* KeyboardHandler.swift */ = {isa = PBXFileReference; lastKnownFileType = sourcecode.swift; path = KeyboardHandler.swift; sourceTree = "<group>"; };
		35E7716B259A06AE00BE4529 /* UIApplication+Extension.swift */ = {isa = PBXFileReference; lastKnownFileType = sourcecode.swift; path = "UIApplication+Extension.swift"; sourceTree = "<group>"; };
		35E7716E259B1D5F00BE4529 /* BIReportViewController.swift */ = {isa = PBXFileReference; lastKnownFileType = sourcecode.swift; path = BIReportViewController.swift; sourceTree = "<group>"; };
		35E77170259B1D7A00BE4529 /* BIReportViewController.xib */ = {isa = PBXFileReference; lastKnownFileType = file.xib; path = BIReportViewController.xib; sourceTree = "<group>"; };
		35E77173259B23AE00BE4529 /* BIReportTableCell.swift */ = {isa = PBXFileReference; lastKnownFileType = sourcecode.swift; path = BIReportTableCell.swift; sourceTree = "<group>"; };
		35E77175259B23C700BE4529 /* BIReportTableCell.xib */ = {isa = PBXFileReference; lastKnownFileType = file.xib; path = BIReportTableCell.xib; sourceTree = "<group>"; };
		35E77177259B587400BE4529 /* BIReportModel.swift */ = {isa = PBXFileReference; lastKnownFileType = sourcecode.swift; path = BIReportModel.swift; sourceTree = "<group>"; };
		3DBFD7EC4C5C9240C19C4894 /* Pods-BoloIndya.debug.xcconfig */ = {isa = PBXFileReference; includeInIndex = 1; lastKnownFileType = text.xcconfig; name = "Pods-BoloIndya.debug.xcconfig"; path = "Target Support Files/Pods-BoloIndya/Pods-BoloIndya.debug.xcconfig"; sourceTree = "<group>"; };
		6E8584432506859F00A0A7B2 /* ConstantsUrl.swift */ = {isa = PBXFileReference; lastKnownFileType = sourcecode.swift; path = ConstantsUrl.swift; sourceTree = "<group>"; };
		6EB4AED424FB8CE700C01D72 /* GoogleService-Info.plist */ = {isa = PBXFileReference; fileEncoding = 4; lastKnownFileType = text.plist.xml; path = "GoogleService-Info.plist"; sourceTree = "<group>"; };
		6EB4AED624FB99BC00C01D72 /* UserProfileStorybaord.storyboard */ = {isa = PBXFileReference; lastKnownFileType = file.storyboard; path = UserProfileStorybaord.storyboard; sourceTree = "<group>"; };
		6EB4AEDA24FBA60100C01D72 /* UserProfileEditVC.swift */ = {isa = PBXFileReference; lastKnownFileType = sourcecode.swift; path = UserProfileEditVC.swift; sourceTree = "<group>"; };
		6EB4AEDD24FBEF0000C01D72 /* UIImageView+Extension.swift */ = {isa = PBXFileReference; lastKnownFileType = sourcecode.swift; path = "UIImageView+Extension.swift"; sourceTree = "<group>"; };
		6EBBB8A1250933C400A1B4C0 /* AppUtils.swift */ = {isa = PBXFileReference; lastKnownFileType = sourcecode.swift; path = AppUtils.swift; sourceTree = "<group>"; };
		6EBBB8A52509428F00A1B4C0 /* Constants.swift */ = {isa = PBXFileReference; lastKnownFileType = sourcecode.swift; path = Constants.swift; sourceTree = "<group>"; };
		6EBBB8A82509461D00A1B4C0 /* AFWrapper.swift */ = {isa = PBXFileReference; lastKnownFileType = sourcecode.swift; path = AFWrapper.swift; sourceTree = "<group>"; };
		6EBBB8B025094A6D00A1B4C0 /* Connectivity.swift */ = {isa = PBXFileReference; lastKnownFileType = sourcecode.swift; path = Connectivity.swift; sourceTree = "<group>"; };
		6EEA92962509599200B1858B /* BaseVC.swift */ = {isa = PBXFileReference; lastKnownFileType = sourcecode.swift; path = BaseVC.swift; sourceTree = "<group>"; };
		6EEA929F250A5B0900B1858B /* LoginUser.swift */ = {isa = PBXFileReference; fileEncoding = 4; lastKnownFileType = sourcecode.swift; path = LoginUser.swift; sourceTree = "<group>"; };
		6EEA92A0250A5B0900B1858B /* LoginUserInfo.swift */ = {isa = PBXFileReference; fileEncoding = 4; lastKnownFileType = sourcecode.swift; path = LoginUserInfo.swift; sourceTree = "<group>"; };
		6EEA92A1250A5B0900B1858B /* LoginUserprofile.swift */ = {isa = PBXFileReference; fileEncoding = 4; lastKnownFileType = sourcecode.swift; path = LoginUserprofile.swift; sourceTree = "<group>"; };
		6EEA92A5250AAE0900B1858B /* ErrorCell.swift */ = {isa = PBXFileReference; lastKnownFileType = sourcecode.swift; path = ErrorCell.swift; sourceTree = "<group>"; };
		6EEA92A6250AAE0900B1858B /* ErrorCell.xib */ = {isa = PBXFileReference; lastKnownFileType = file.xib; path = ErrorCell.xib; sourceTree = "<group>"; };
		6EEA92A9250ADED500B1858B /* Date.swift */ = {isa = PBXFileReference; lastKnownFileType = sourcecode.swift; path = Date.swift; sourceTree = "<group>"; };
		6EEA92AD250BDB3B00B1858B /* SelfSizedTableView.swift */ = {isa = PBXFileReference; lastKnownFileType = sourcecode.swift; path = SelfSizedTableView.swift; sourceTree = "<group>"; };
		7D2EE1296C237146CDA81176 /* Pods_BoloIndya.framework */ = {isa = PBXFileReference; explicitFileType = wrapper.framework; includeInIndex = 0; path = Pods_BoloIndya.framework; sourceTree = BUILT_PRODUCTS_DIR; };
/* End PBXFileReference section */

/* Begin PBXFrameworksBuildPhase section */
		18F93B2624B71D1C006621DB /* Frameworks */ = {
			isa = PBXFrameworksBuildPhase;
			buildActionMask = 2147483647;
			files = (
				3545CE8E2589F6A60067B37A /* AdSupport.framework in Frameworks */,
				1697B60E53D4F2610A3F661F /* Pods_BoloIndya.framework in Frameworks */,
			);
			runOnlyForDeploymentPostprocessing = 0;
		};
/* End PBXFrameworksBuildPhase section */

/* Begin PBXGroup section */
		183B4BA824B86838003EC6D7 /* Model */ = {
			isa = PBXGroup;
			children = (
				6EBBB89425092B7300A1B4C0 /* userInfo */,
				183B4BA924B86954003EC6D7 /* Topic.swift */,
				183B4BAB24B86DE4003EC6D7 /* User.swift */,
				1871C4A224BB233400285DEC /* Notification.swift */,
				18CE0DC324C0DFBE003B0E51 /* HashTag.swift */,
				18C771B424CB2F20007E3AC2 /* Category.swift */,
				18B56B5024CB49BB00CE7DE8 /* Comment.swift */,
				1811310624D6C51F009DDB54 /* Languages.swift */,
				1869071924E0073700F6B2D7 /* Search.swift */,
			);
			path = Model;
			sourceTree = "<group>";
		};
		183B4BAD24B87A5E003EC6D7 /* Cells */ = {
			isa = PBXGroup;
			children = (
				183B4BB024B887B3003EC6D7 /* VideoCell.swift */,
				1871C4B124BB41C600285DEC /* NotificationCell.swift */,
				184924E724BB9325007F731E /* MenuViewCell.swift */,
				187F42E224BC934E00AC32ED /* CategoryViewCell.swift */,
				1856DDC824BD014900DE8539 /* UserVideoCollectionViewCell.swift */,
				18C771B624CB31FA007E3AC2 /* CategoryCollectionViewCell.swift */,
				18B56B5224CB58E600CE7DE8 /* CommentViewCell.swift */,
				1811310824D6C637009DDB54 /* LanguageCollectionViewCell.swift */,
				185CDBA324D9450F00DCC756 /* FollowerViewCell.swift */,
				181A96BA24DB100A00B360BA /* UploadLanguageCollectionViewCell.swift */,
				181A96BC24DB17ED00B360BA /* CategoryUploadCollectionViewCell.swift */,
				18FDCA8024DBEF7D00113CDC /* HashUploadCollectionViewCell.swift */,
				35A2D8CD258DEB8F00DA85ED /* SelectedHastagCollectionCell.swift */,
				18810FDA24DD3B4300AE93EE /* BannerCollectionViewCell.swift */,
				18413AD524DF20E500F3E2A1 /* DiscoverCell.swift */,
				18413AD724DF212300F3E2A1 /* SectionCell.swift */,
				3563E4E225A46713009A8F77 /* DiscoverBannerTableCell.swift */,
				186234D624DF378D00A1AD74 /* HashSearchCollectionViewCell.swift */,
				6EEA92A5250AAE0900B1858B /* ErrorCell.swift */,
				6EEA92A6250AAE0900B1858B /* ErrorCell.xib */,
			);
			path = Cells;
			sourceTree = "<group>";
		};
		1864A80024B9AD6400C08A4A /* CustomUI */ = {
			isa = PBXGroup;
			children = (
				1864A80224B9AD7D00C08A4A /* Buttons */,
				18B72A7A24BDF217001E4D42 /* PlayerViewClass.swift */,
				6EEA92AD250BDB3B00B1858B /* SelfSizedTableView.swift */,
			);
			path = CustomUI;
			sourceTree = "<group>";
		};
		1864A80224B9AD7D00C08A4A /* Buttons */ = {
			isa = PBXGroup;
			children = (
				1864A80324B9ADB400C08A4A /* NonActiveLanguageButton.swift */,
				1864A80524B9B13300C08A4A /* ActiveLanguageButton.swift */,
			);
			path = Buttons;
			sourceTree = "<group>";
		};
		188C84CB24DDF6D0000DAE10 /* commonUtils */ = {
			isa = PBXGroup;
			children = (
				188C84CC24DDF6F4000DAE10 /* BoloIndya.swift */,
			);
			path = commonUtils;
			sourceTree = "<group>";
		};
		18F93B2024B71D1C006621DB = {
			isa = PBXGroup;
			children = (
				18F93B2B24B71D1C006621DB /* BoloIndya */,
				18F93B2A24B71D1C006621DB /* Products */,
				AB22FF7753DAAF213057B005 /* Pods */,
				39987EC8F661D94FAF95C123 /* Frameworks */,
			);
			sourceTree = "<group>";
		};
		18F93B2A24B71D1C006621DB /* Products */ = {
			isa = PBXGroup;
			children = (
				18F93B2924B71D1C006621DB /* BoloIndya.app */,
			);
			name = Products;
			sourceTree = "<group>";
		};
		18F93B2B24B71D1C006621DB /* BoloIndya */ = {
			isa = PBXGroup;
			children = (
				6EBBB8A72509460D00A1B4C0 /* network */,
				6E8584422506854900A0A7B2 /* utility */,
				35E25C3C2590891C00F15EF3 /* Helper */,
				6EB4AED424FB8CE700C01D72 /* GoogleService-Info.plist */,
				1817215424ED84F600BF8201 /* BoloIndya.entitlements */,
				359117252589F994005ECF65 /* BoloIndya-Bridging-Header.h */,
				18A4566224E3FAF500F20D17 /* Assets.xcassets */,
				188C84CB24DDF6D0000DAE10 /* commonUtils */,
				1864A80024B9AD6400C08A4A /* CustomUI */,
				183B4BAD24B87A5E003EC6D7 /* Cells */,
				183B4BA824B86838003EC6D7 /* Model */,
				18F93B4024B7211D006621DB /* ViewControllers */,
				6EB4AED324FB8A3300C01D72 /* storybaord */,
				18F93B2C24B71D1C006621DB /* AppDelegate.swift */,
				18F93B2E24B71D1C006621DB /* SceneDelegate.swift */,
				18F93B3A24B71D21006621DB /* Info.plist */,
				183BDCC324B7A41200ACF912 /* UserDefaults.swift */,
			);
			path = BoloIndya;
			sourceTree = "<group>";
		};
		18F93B4024B7211D006621DB /* ViewControllers */ = {
			isa = PBXGroup;
			children = (
				18F93B4124B72147006621DB /* ChooseLanguageController.swift */,
				18F93B3024B71D1C006621DB /* ViewController.swift */,
				183BDCC024B79C6D00ACF912 /* TrendingAndFollowingViewController.swift */,
				183BDCC524B7BA4000ACF912 /* CurrentUserViewController.swift */,
				183BDCC724B7BD8400ACF912 /* NotificationViewController.swift */,
				35067C6925A59E5700E7AF5B /* DiscoverViewController */,
				187DA64E24B89932005522FB /* LoginAndSignUpViewController.swift */,
				182D541824B9CAB000B33ACE /* CreateVideoViewController.swift */,
				182D541C24B9CFF900B33ACE /* MainViewController.swift */,
				18CB49DA24BC6A6700212329 /* FeedBackViewController.swift */,
				18CB49DC24BC6C8B00212329 /* UpdateIntersetViewController.swift */,
				18CB49DE24BC6F8C00212329 /* TermsPagesViewController.swift */,
				1853A39824BDB78F00EE2595 /* ProfileViewController.swift */,
				18FD085B24BE25A1007E55D6 /* VideoViewController.swift */,
				18C771B024CAD3A8007E3AC2 /* HashTagViewController.swift */,
				18C771B224CB05AD007E3AC2 /* CategoryViewController.swift */,
				18AE861124CC139E000A3AAA /* ChooseLanguageFirstViewController.swift */,
				185CDBA124D9429700DCC756 /* FollowingFollowerViewController.swift */,
				18708AAD24DA8EB20006F356 /* ThumbailViewController.swift */,
				18708AAF24DAC9EA0006F356 /* UploadVideoDetailsViewController.swift */,
				18413AD324DF1EB600F3E2A1 /* SearchViewController.swift */,
				6EB4AEDA24FBA60100C01D72 /* UserProfileEditVC.swift */,
				6EEA92962509599200B1858B /* BaseVC.swift */,
				3563E52A25A479BB009A8F77 /* BIBannerLandingViewController */,
				35E7716D259B1D4E00BE4529 /* BIReportViewController */,
				3563E53625A48704009A8F77 /* BIVideoCollectionViewController */,
				3563E52D25A48666009A8F77 /* BIHTMLViewController */,
				357B421625908211009229D8 /* BICommentView */,
			);
			path = ViewControllers;
			sourceTree = "<group>";
		};
		35067C6925A59E5700E7AF5B /* DiscoverViewController */ = {
			isa = PBXGroup;
			children = (
				183BDCC924B7BF5600ACF912 /* DiscoverViewController.swift */,
				35067C6A25A59E8000E7AF5B /* BICampaignModel.swift */,
				35067C6C25A59EFA00E7AF5B /* BICamapignStatusMessageModel.swift */,
			);
			path = DiscoverViewController;
			sourceTree = "<group>";
		};
		35067C7425A5B97600E7AF5B /* BIBannerRulesViewController */ = {
			isa = PBXGroup;
			children = (
				35067C7025A5B93100E7AF5B /* BIBannerRulesViewController.swift */,
				35067C7225A5B95E00E7AF5B /* BIBannerRulesViewController.xib */,
			);
			path = BIBannerRulesViewController;
			sourceTree = "<group>";
		};
		35067C7525A5C5ED00E7AF5B /* BIBannerWinnerTableCell */ = {
			isa = PBXGroup;
			children = (
				35067C7625A5C5FE00E7AF5B /* BIBannerWinnerTableCell.swift */,
				35067C7825A5C61700E7AF5B /* BIBannerWinnerTableCell.xib */,
			);
			path = BIBannerWinnerTableCell;
			sourceTree = "<group>";
		};
		3563E52A25A479BB009A8F77 /* BIBannerLandingViewController */ = {
			isa = PBXGroup;
			children = (
				3563E52825A479A6009A8F77 /* BIBannerLandingViewController.swift */,
				3563E52B25A479C9009A8F77 /* BIBannerLandingViewController.xib */,
				35067C7425A5B97600E7AF5B /* BIBannerRulesViewController */,
				3563E53B25A4874F009A8F77 /* BIBannerWinnerViewController */,
			);
			path = BIBannerLandingViewController;
			sourceTree = "<group>";
		};
		3563E52D25A48666009A8F77 /* BIHTMLViewController */ = {
			isa = PBXGroup;
			children = (
				3563E52E25A48685009A8F77 /* BIHTMLViewController.swift */,
				3563E53025A48699009A8F77 /* BIHTMLViewController.xib */,
			);
			path = BIHTMLViewController;
			sourceTree = "<group>";
		};
		3563E53625A48704009A8F77 /* BIVideoCollectionViewController */ = {
			isa = PBXGroup;
			children = (
				3563E53225A486D5009A8F77 /* BIVideoCollectionViewController.swift */,
				3563E53425A486ED009A8F77 /* BIVideoCollectionViewController.xib */,
				3563E53C25A48A5E009A8F77 /* BIVideoCollectionCell */,
			);
			path = BIVideoCollectionViewController;
			sourceTree = "<group>";
		};
		3563E53B25A4874F009A8F77 /* BIBannerWinnerViewController */ = {
			isa = PBXGroup;
			children = (
				3563E53725A48723009A8F77 /* BIBannerWinnerViewController.swift */,
				3563E53925A48736009A8F77 /* BIBannerWinnerViewController.xib */,
				35067C7525A5C5ED00E7AF5B /* BIBannerWinnerTableCell */,
			);
			path = BIBannerWinnerViewController;
			sourceTree = "<group>";
		};
		3563E53C25A48A5E009A8F77 /* BIVideoCollectionCell */ = {
			isa = PBXGroup;
			children = (
				3563E53D25A48A72009A8F77 /* BIVideoCollectionCell.swift */,
				3563E53F25A48AFE009A8F77 /* BIVideoCollectionCell.xib */,
			);
			path = BIVideoCollectionCell;
			sourceTree = "<group>";
		};
		357B421625908211009229D8 /* BICommentView */ = {
			isa = PBXGroup;
			children = (
				357B4212259081F3009229D8 /* BICommentView.swift */,
				357B42142590820B009229D8 /* BICommentView.xib */,
				35E25C4125909A4400F15EF3 /* BICommentLoadingCell */,
				357B4217259084BD009229D8 /* BICommentTableCell */,
			);
			path = BICommentView;
			sourceTree = "<group>";
		};
		357B4217259084BD009229D8 /* BICommentTableCell */ = {
			isa = PBXGroup;
			children = (
				357B4218259084D1009229D8 /* BICommentTableCell.swift */,
				357B421A259084F5009229D8 /* BICommentTableCell.xib */,
			);
			path = BICommentTableCell;
			sourceTree = "<group>";
		};
		359DEACD25821B3C002B31A8 /* SwiftyCam */ = {
			isa = PBXGroup;
			children = (
				359DEACE25821B3C002B31A8 /* SwiftyCamButton.swift */,
				359DEACF25821B3C002B31A8 /* PreviewView.swift */,
				359DEAD025821B3C002B31A8 /* SwiftyCamViewController.swift */,
				359DEAD125821B3C002B31A8 /* SwiftyCamViewControllerDelegate.swift */,
				359DEAD225821B3C002B31A8 /* Orientation.swift */,
			);
			path = SwiftyCam;
			sourceTree = "<group>";
		};
		35C24FB5259483C200CF5200 /* WebEngage */ = {
			isa = PBXGroup;
			children = (
				3516D645258B399F00E05720 /* EventName.swift */,
				35911728258A0502005ECF65 /* WebEngageHelper.swift */,
			);
			path = WebEngage;
			sourceTree = "<group>";
		};
		35E25C39259088EF00F15EF3 /* Protocol */ = {
			isa = PBXGroup;
			children = (
				35E25C3A259088F800F15EF3 /* ClassNameProtocol.swift */,
			);
			path = Protocol;
			sourceTree = "<group>";
		};
		35E25C3C2590891C00F15EF3 /* Helper */ = {
			isa = PBXGroup;
			children = (
				35E25C39259088EF00F15EF3 /* Protocol */,
				6EB4AEDC24FBEEB300C01D72 /* Extention */,
				3594F27825827FCE005B96DC /* VideoHelper.swift */,
				35E25C6E2590AEBE00F15EF3 /* KeyboardHandler.swift */,
				35C24FB325947A7300CF5200 /* KeychainHelper.swift */,
				35067C7A25A5D81000E7AF5B /* BIDeeplinkHandler.swift */,
				35C24FB5259483C200CF5200 /* WebEngage */,
			);
			path = Helper;
			sourceTree = "<group>";
		};
		35E25C4125909A4400F15EF3 /* BICommentLoadingCell */ = {
			isa = PBXGroup;
			children = (
				35E25C4225909A5700F15EF3 /* BICommentLoadingCell.swift */,
				35E25C4425909A9000F15EF3 /* BICommentLoadingCell.xib */,
			);
			path = BICommentLoadingCell;
			sourceTree = "<group>";
		};
		35E7716D259B1D4E00BE4529 /* BIReportViewController */ = {
			isa = PBXGroup;
			children = (
				35E7716E259B1D5F00BE4529 /* BIReportViewController.swift */,
				35E77177259B587400BE4529 /* BIReportModel.swift */,
				35E77170259B1D7A00BE4529 /* BIReportViewController.xib */,
				35E77172259B23A000BE4529 /* BIReportTableCell */,
			);
			path = BIReportViewController;
			sourceTree = "<group>";
		};
		35E77172259B23A000BE4529 /* BIReportTableCell */ = {
			isa = PBXGroup;
			children = (
				35E77173259B23AE00BE4529 /* BIReportTableCell.swift */,
				35E77175259B23C700BE4529 /* BIReportTableCell.xib */,
			);
			path = BIReportTableCell;
			sourceTree = "<group>";
		};
		39987EC8F661D94FAF95C123 /* Frameworks */ = {
			isa = PBXGroup;
			children = (
				357DD52C258A41E300396775 /* WebEngage.framework */,
				3545CE8D2589F6A60067B37A /* AdSupport.framework */,
				3545CE8B2589F69B0067B37A /* CoreLocation.framework */,
				3545CE892589F68E0067B37A /* SystemConfiguration.framework */,
				3545CE7E2589F6180067B37A /* WebEngage.framework */,
				7D2EE1296C237146CDA81176 /* Pods_BoloIndya.framework */,
			);
			name = Frameworks;
			sourceTree = "<group>";
		};
		6E8584422506854900A0A7B2 /* utility */ = {
			isa = PBXGroup;
			children = (
				359DEACD25821B3C002B31A8 /* SwiftyCam */,
				6E8584432506859F00A0A7B2 /* ConstantsUrl.swift */,
				6EBBB8A1250933C400A1B4C0 /* AppUtils.swift */,
				6EBBB8A52509428F00A1B4C0 /* Constants.swift */,
			);
			path = utility;
			sourceTree = "<group>";
		};
		6EB4AED324FB8A3300C01D72 /* storybaord */ = {
			isa = PBXGroup;
			children = (
				187DA65024B8A36D005522FB /* Main.storyboard */,
				18F93B3724B71D21006621DB /* LaunchScreen.storyboard */,
				6EB4AED624FB99BC00C01D72 /* UserProfileStorybaord.storyboard */,
			);
			path = storybaord;
			sourceTree = "<group>";
		};
		6EB4AEDC24FBEEB300C01D72 /* Extention */ = {
			isa = PBXGroup;
			children = (
				3594F2B125877D8B005B96DC /* UIActivity+Extension.swift */,
				35E25C37259088C800F15EF3 /* NSObject+Extension.swift */,
				35E7716B259A06AE00BE4529 /* UIApplication+Extension.swift */,
				35E25C3D2590895C00F15EF3 /* UIViewController+Extension.swift */,
				359DEA8325810222002B31A8 /* UIView+Extension.swift */,
				35E25C3F25908B5600F15EF3 /* UITableView+Extension.swift */,
				35E25C352590889A00F15EF3 /* UICollectionView+Extension.swift */,
				359DEA862581023D002B31A8 /* UITableViewCell+Extension.swift */,
				6EB4AEDD24FBEF0000C01D72 /* UIImageView+Extension.swift */,
				3594F28D2585601D005B96DC /* UIImage+Extension.swift */,
				6EEA92A9250ADED500B1858B /* Date.swift */,
				35067C6E25A5A46A00E7AF5B /* String+Extension.swift */,
				3594F27E2584A48E005B96DC /* UIColor+Extension.swift */,
			);
			path = Extention;
			sourceTree = "<group>";
		};
		6EBBB89425092B7300A1B4C0 /* userInfo */ = {
			isa = PBXGroup;
			children = (
				6EEA929F250A5B0900B1858B /* LoginUser.swift */,
				6EEA92A0250A5B0900B1858B /* LoginUserInfo.swift */,
				6EEA92A1250A5B0900B1858B /* LoginUserprofile.swift */,
			);
			path = userInfo;
			sourceTree = "<group>";
		};
		6EBBB8A72509460D00A1B4C0 /* network */ = {
			isa = PBXGroup;
			children = (
				6EBBB8A82509461D00A1B4C0 /* AFWrapper.swift */,
				6EBBB8B025094A6D00A1B4C0 /* Connectivity.swift */,
			);
			path = network;
			sourceTree = "<group>";
		};
		AB22FF7753DAAF213057B005 /* Pods */ = {
			isa = PBXGroup;
			children = (
				3DBFD7EC4C5C9240C19C4894 /* Pods-BoloIndya.debug.xcconfig */,
				1B623EE2182CDA4627DA28CE /* Pods-BoloIndya.release.xcconfig */,
			);
			path = Pods;
			sourceTree = "<group>";
		};
/* End PBXGroup section */

/* Begin PBXNativeTarget section */
		18F93B2824B71D1C006621DB /* BoloIndya */ = {
			isa = PBXNativeTarget;
			buildConfigurationList = 18F93B3D24B71D21006621DB /* Build configuration list for PBXNativeTarget "BoloIndya" */;
			buildPhases = (
				391B8D06E2D9EC4925FB3880 /* [CP] Check Pods Manifest.lock */,
				18F93B2524B71D1C006621DB /* Sources */,
				18F93B2624B71D1C006621DB /* Frameworks */,
				18F93B2724B71D1C006621DB /* Resources */,
				DAC90A7456BF40E68491B8FB /* [CP] Embed Pods Frameworks */,
				34432DACCF742E9CED3D8B30 /* [CP] Copy Pods Resources */,
			);
			buildRules = (
			);
			dependencies = (
			);
			name = BoloIndya;
			productName = BoloIndya;
			productReference = 18F93B2924B71D1C006621DB /* BoloIndya.app */;
			productType = "com.apple.product-type.application";
		};
/* End PBXNativeTarget section */

/* Begin PBXProject section */
		18F93B2124B71D1C006621DB /* Project object */ = {
			isa = PBXProject;
			attributes = {
				LastSwiftUpdateCheck = 1150;
				LastUpgradeCheck = 1230;
				ORGANIZATIONNAME = "Synergybyte Media Private Limited";
				TargetAttributes = {
					18F93B2824B71D1C006621DB = {
						CreatedOnToolsVersion = 11.5;
					};
				};
			};
			buildConfigurationList = 18F93B2424B71D1C006621DB /* Build configuration list for PBXProject "BoloIndya" */;
			compatibilityVersion = "Xcode 9.3";
			developmentRegion = en;
			hasScannedForEncodings = 0;
			knownRegions = (
				en,
				Base,
			);
			mainGroup = 18F93B2024B71D1C006621DB;
			productRefGroup = 18F93B2A24B71D1C006621DB /* Products */;
			projectDirPath = "";
			projectRoot = "";
			targets = (
				18F93B2824B71D1C006621DB /* BoloIndya */,
			);
		};
/* End PBXProject section */

/* Begin PBXResourcesBuildPhase section */
		18F93B2724B71D1C006621DB /* Resources */ = {
			isa = PBXResourcesBuildPhase;
			buildActionMask = 2147483647;
			files = (
				3563E52C25A479C9009A8F77 /* BIBannerLandingViewController.xib in Resources */,
				274871B02516139600FE0A8A /* BoloIndya.entitlements in Resources */,
				35E77176259B23C700BE4529 /* BIReportTableCell.xib in Resources */,
				187DA65224B8A36D005522FB /* Main.storyboard in Resources */,
				6EB4AED524FB8CE700C01D72 /* GoogleService-Info.plist in Resources */,
				357B42152590820B009229D8 /* BICommentView.xib in Resources */,
				3563E53A25A48736009A8F77 /* BIBannerWinnerViewController.xib in Resources */,
				357B421B259084F5009229D8 /* BICommentTableCell.xib in Resources */,
				35067C7925A5C61700E7AF5B /* BIBannerWinnerTableCell.xib in Resources */,
				35E25C4525909A9000F15EF3 /* BICommentLoadingCell.xib in Resources */,
				35E77171259B1D7A00BE4529 /* BIReportViewController.xib in Resources */,
				18A4566324E3FAF500F20D17 /* Assets.xcassets in Resources */,
				6EB4AED724FB99BC00C01D72 /* UserProfileStorybaord.storyboard in Resources */,
				3563E54025A48AFE009A8F77 /* BIVideoCollectionCell.xib in Resources */,
				6EEA92A8250AAE0A00B1858B /* ErrorCell.xib in Resources */,
				18F93B3924B71D21006621DB /* LaunchScreen.storyboard in Resources */,
				3563E53125A48699009A8F77 /* BIHTMLViewController.xib in Resources */,
				35067C7325A5B95E00E7AF5B /* BIBannerRulesViewController.xib in Resources */,
				3563E53525A486ED009A8F77 /* BIVideoCollectionViewController.xib in Resources */,
			);
			runOnlyForDeploymentPostprocessing = 0;
		};
/* End PBXResourcesBuildPhase section */

/* Begin PBXShellScriptBuildPhase section */
		34432DACCF742E9CED3D8B30 /* [CP] Copy Pods Resources */ = {
			isa = PBXShellScriptBuildPhase;
			buildActionMask = 2147483647;
			files = (
			);
			inputFileListPaths = (
				"${PODS_ROOT}/Target Support Files/Pods-BoloIndya/Pods-BoloIndya-resources-${CONFIGURATION}-input-files.xcfilelist",
			);
			name = "[CP] Copy Pods Resources";
			outputFileListPaths = (
				"${PODS_ROOT}/Target Support Files/Pods-BoloIndya/Pods-BoloIndya-resources-${CONFIGURATION}-output-files.xcfilelist",
			);
			runOnlyForDeploymentPostprocessing = 0;
			shellPath = /bin/sh;
			shellScript = "\"${PODS_ROOT}/Target Support Files/Pods-BoloIndya/Pods-BoloIndya-resources.sh\"\n";
			showEnvVarsInLog = 0;
		};
		391B8D06E2D9EC4925FB3880 /* [CP] Check Pods Manifest.lock */ = {
			isa = PBXShellScriptBuildPhase;
			buildActionMask = 2147483647;
			files = (
			);
			inputFileListPaths = (
			);
			inputPaths = (
				"${PODS_PODFILE_DIR_PATH}/Podfile.lock",
				"${PODS_ROOT}/Manifest.lock",
			);
			name = "[CP] Check Pods Manifest.lock";
			outputFileListPaths = (
			);
			outputPaths = (
				"$(DERIVED_FILE_DIR)/Pods-BoloIndya-checkManifestLockResult.txt",
			);
			runOnlyForDeploymentPostprocessing = 0;
			shellPath = /bin/sh;
			shellScript = "diff \"${PODS_PODFILE_DIR_PATH}/Podfile.lock\" \"${PODS_ROOT}/Manifest.lock\" > /dev/null\nif [ $? != 0 ] ; then\n    # print error to STDERR\n    echo \"error: The sandbox is not in sync with the Podfile.lock. Run 'pod install' or update your CocoaPods installation.\" >&2\n    exit 1\nfi\n# This output is used by Xcode 'outputs' to avoid re-running this script phase.\necho \"SUCCESS\" > \"${SCRIPT_OUTPUT_FILE_0}\"\n";
			showEnvVarsInLog = 0;
		};
		DAC90A7456BF40E68491B8FB /* [CP] Embed Pods Frameworks */ = {
			isa = PBXShellScriptBuildPhase;
			buildActionMask = 2147483647;
			files = (
			);
			inputFileListPaths = (
				"${PODS_ROOT}/Target Support Files/Pods-BoloIndya/Pods-BoloIndya-frameworks-${CONFIGURATION}-input-files.xcfilelist",
			);
			name = "[CP] Embed Pods Frameworks";
			outputFileListPaths = (
				"${PODS_ROOT}/Target Support Files/Pods-BoloIndya/Pods-BoloIndya-frameworks-${CONFIGURATION}-output-files.xcfilelist",
			);
			runOnlyForDeploymentPostprocessing = 0;
			shellPath = /bin/sh;
			shellScript = "\"${PODS_ROOT}/Target Support Files/Pods-BoloIndya/Pods-BoloIndya-frameworks.sh\"\n";
			showEnvVarsInLog = 0;
		};
/* End PBXShellScriptBuildPhase section */

/* Begin PBXSourcesBuildPhase section */
		18F93B2524B71D1C006621DB /* Sources */ = {
			isa = PBXSourcesBuildPhase;
			buildActionMask = 2147483647;
			files = (
				35E77174259B23AE00BE4529 /* BIReportTableCell.swift in Sources */,
				6EEA92AE250BDB3B00B1858B /* SelfSizedTableView.swift in Sources */,
				183BDCCA24B7BF5600ACF912 /* DiscoverViewController.swift in Sources */,
				181A96BB24DB100A00B360BA /* UploadLanguageCollectionViewCell.swift in Sources */,
				357B4219259084D1009229D8 /* BICommentTableCell.swift in Sources */,
				18810FDB24DD3B4300AE93EE /* BannerCollectionViewCell.swift in Sources */,
				6EEA92A7250AAE0A00B1858B /* ErrorCell.swift in Sources */,
				18CB49DB24BC6A6700212329 /* FeedBackViewController.swift in Sources */,
				184924E824BB9325007F731E /* MenuViewCell.swift in Sources */,
				186234D724DF378D00A1AD74 /* HashSearchCollectionViewCell.swift in Sources */,
				183B4BAA24B86954003EC6D7 /* Topic.swift in Sources */,
				35911729258A0502005ECF65 /* WebEngageHelper.swift in Sources */,
				1871C4A324BB233400285DEC /* Notification.swift in Sources */,
				6EBBB8A62509428F00A1B4C0 /* Constants.swift in Sources */,
				35A2D8CE258DEB8F00DA85ED /* SelectedHastagCollectionCell.swift in Sources */,
				35E25C4325909A5700F15EF3 /* BICommentLoadingCell.swift in Sources */,
				18B56B5124CB49BB00CE7DE8 /* Comment.swift in Sources */,
				185CDBA424D9450F00DCC756 /* FollowerViewCell.swift in Sources */,
				18AE861224CC139E000A3AAA /* ChooseLanguageFirstViewController.swift in Sources */,
				1856DDCA24BD014900DE8539 /* UserVideoCollectionViewCell.swift in Sources */,
				18F93B3124B71D1C006621DB /* ViewController.swift in Sources */,
				3563E53825A48723009A8F77 /* BIBannerWinnerViewController.swift in Sources */,
				1869071A24E0073700F6B2D7 /* Search.swift in Sources */,
				35E7716F259B1D6000BE4529 /* BIReportViewController.swift in Sources */,
				359DEA872581023D002B31A8 /* UITableViewCell+Extension.swift in Sources */,
				6EBBB8A2250933C400A1B4C0 /* AppUtils.swift in Sources */,
				18C771B524CB2F20007E3AC2 /* Category.swift in Sources */,
				6EEA92AA250ADED500B1858B /* Date.swift in Sources */,
				183BDCC624B7BA4000ACF912 /* CurrentUserViewController.swift in Sources */,
				35067C6D25A59EFA00E7AF5B /* BICamapignStatusMessageModel.swift in Sources */,
				357B4213259081F3009229D8 /* BICommentView.swift in Sources */,
				35067C6F25A5A46A00E7AF5B /* String+Extension.swift in Sources */,
				3516D646258B399F00E05720 /* EventName.swift in Sources */,
				18CE0DC424C0DFBE003B0E51 /* HashTag.swift in Sources */,
				35067C7125A5B93100E7AF5B /* BIBannerRulesViewController.swift in Sources */,
				182D541924B9CAB000B33ACE /* CreateVideoViewController.swift in Sources */,
				35E25C38259088C800F15EF3 /* NSObject+Extension.swift in Sources */,
				18708AAE24DA8EB20006F356 /* ThumbailViewController.swift in Sources */,
				35067C7B25A5D81000E7AF5B /* BIDeeplinkHandler.swift in Sources */,
				183BDCC824B7BD8400ACF912 /* NotificationViewController.swift in Sources */,
				35E25C3E2590895C00F15EF3 /* UIViewController+Extension.swift in Sources */,
				3563E53325A486D5009A8F77 /* BIVideoCollectionViewController.swift in Sources */,
				1853A39924BDB78F00EE2595 /* ProfileViewController.swift in Sources */,
				1811310724D6C51F009DDB54 /* Languages.swift in Sources */,
				1871C4B324BB41C600285DEC /* NotificationCell.swift in Sources */,
				3594F2B225877D8C005B96DC /* UIActivity+Extension.swift in Sources */,
				3563E52F25A48685009A8F77 /* BIHTMLViewController.swift in Sources */,
				35E25C362590889A00F15EF3 /* UICollectionView+Extension.swift in Sources */,
				187F42E324BC934E00AC32ED /* CategoryViewCell.swift in Sources */,
				183B4BB124B887B3003EC6D7 /* VideoCell.swift in Sources */,
				18C771B124CAD3A8007E3AC2 /* HashTagViewController.swift in Sources */,
				35E25C3B259088F800F15EF3 /* ClassNameProtocol.swift in Sources */,
				1811310924D6C637009DDB54 /* LanguageCollectionViewCell.swift in Sources */,
				359DEAD625821B3C002B31A8 /* SwiftyCamViewControllerDelegate.swift in Sources */,
				182D541D24B9CFF900B33ACE /* MainViewController.swift in Sources */,
				6EB4AEDE24FBEF0000C01D72 /* UIImageView+Extension.swift in Sources */,
				185CDBA224D9429700DCC756 /* FollowingFollowerViewController.swift in Sources */,
				35067C7725A5C5FE00E7AF5B /* BIBannerWinnerTableCell.swift in Sources */,
				6EBBB8A92509461D00A1B4C0 /* AFWrapper.swift in Sources */,
				3594F27F2584A48E005B96DC /* UIColor+Extension.swift in Sources */,
				188C84CD24DDF6F4000DAE10 /* BoloIndya.swift in Sources */,
				183BDCC124B79C6D00ACF912 /* TrendingAndFollowingViewController.swift in Sources */,
				3563E4E325A46713009A8F77 /* DiscoverBannerTableCell.swift in Sources */,
				35E77178259B587500BE4529 /* BIReportModel.swift in Sources */,
				18C771B724CB31FA007E3AC2 /* CategoryCollectionViewCell.swift in Sources */,
				1864A80424B9ADB400C08A4A /* NonActiveLanguageButton.swift in Sources */,
				6E8584442506859F00A0A7B2 /* ConstantsUrl.swift in Sources */,
				35E25C4025908B5600F15EF3 /* UITableView+Extension.swift in Sources */,
				18F93B2D24B71D1C006621DB /* AppDelegate.swift in Sources */,
				6EBBB8B125094A6D00A1B4C0 /* Connectivity.swift in Sources */,
				18413AD624DF20E500F3E2A1 /* DiscoverCell.swift in Sources */,
				3563E52925A479A6009A8F77 /* BIBannerLandingViewController.swift in Sources */,
				35067C6B25A59E8000E7AF5B /* BICampaignModel.swift in Sources */,
				35C24FB425947A7300CF5200 /* KeychainHelper.swift in Sources */,
				6EEA92A2250A5B0900B1858B /* LoginUser.swift in Sources */,
				359DEAD425821B3C002B31A8 /* PreviewView.swift in Sources */,
				18413AD824DF212300F3E2A1 /* SectionCell.swift in Sources */,
				18CB49DD24BC6C8C00212329 /* UpdateIntersetViewController.swift in Sources */,
				3563E53E25A48A72009A8F77 /* BIVideoCollectionCell.swift in Sources */,
				187DA64F24B89932005522FB /* LoginAndSignUpViewController.swift in Sources */,
				18B56B5324CB58E600CE7DE8 /* CommentViewCell.swift in Sources */,
				18C771B324CB05AD007E3AC2 /* CategoryViewController.swift in Sources */,
				18F93B4224B72147006621DB /* ChooseLanguageController.swift in Sources */,
				359DEAD325821B3C002B31A8 /* SwiftyCamButton.swift in Sources */,
				6EB4AEDB24FBA60100C01D72 /* UserProfileEditVC.swift in Sources */,
				18FDCA8124DBEF7D00113CDC /* HashUploadCollectionViewCell.swift in Sources */,
				181A96BD24DB17ED00B360BA /* CategoryUploadCollectionViewCell.swift in Sources */,
				18708AB024DAC9EA0006F356 /* UploadVideoDetailsViewController.swift in Sources */,
				18B72A7B24BDF217001E4D42 /* PlayerViewClass.swift in Sources */,
				18FD085C24BE25A1007E55D6 /* VideoViewController.swift in Sources */,
				35E25C6F2590AEBE00F15EF3 /* KeyboardHandler.swift in Sources */,
				359DEAD725821B3C002B31A8 /* Orientation.swift in Sources */,
				3594F28E2585601D005B96DC /* UIImage+Extension.swift in Sources */,
				3594F27925827FCE005B96DC /* VideoHelper.swift in Sources */,
				359DEA8425810222002B31A8 /* UIView+Extension.swift in Sources */,
				18413AD424DF1EB600F3E2A1 /* SearchViewController.swift in Sources */,
				6EEA92A3250A5B0900B1858B /* LoginUserInfo.swift in Sources */,
				18F93B2F24B71D1C006621DB /* SceneDelegate.swift in Sources */,
				6EEA92A4250A5B0900B1858B /* LoginUserprofile.swift in Sources */,
				6EEA92972509599200B1858B /* BaseVC.swift in Sources */,
				183BDCC424B7A41200ACF912 /* UserDefaults.swift in Sources */,
				18CB49DF24BC6F8C00212329 /* TermsPagesViewController.swift in Sources */,
				183B4BAC24B86DE4003EC6D7 /* User.swift in Sources */,
				359DEAD525821B3C002B31A8 /* SwiftyCamViewController.swift in Sources */,
				1864A80624B9B13300C08A4A /* ActiveLanguageButton.swift in Sources */,
				35E7716C259A06AE00BE4529 /* UIApplication+Extension.swift in Sources */,
			);
			runOnlyForDeploymentPostprocessing = 0;
		};
/* End PBXSourcesBuildPhase section */

/* Begin PBXVariantGroup section */
		187DA65024B8A36D005522FB /* Main.storyboard */ = {
			isa = PBXVariantGroup;
			children = (
				187DA65124B8A36D005522FB /* Base */,
			);
			name = Main.storyboard;
			sourceTree = "<group>";
		};
		18F93B3724B71D21006621DB /* LaunchScreen.storyboard */ = {
			isa = PBXVariantGroup;
			children = (
				18F93B3824B71D21006621DB /* Base */,
			);
			name = LaunchScreen.storyboard;
			sourceTree = "<group>";
		};
/* End PBXVariantGroup section */

/* Begin XCBuildConfiguration section */
		18F93B3B24B71D21006621DB /* Debug */ = {
			isa = XCBuildConfiguration;
			buildSettings = {
				ALWAYS_SEARCH_USER_PATHS = NO;
				CLANG_ANALYZER_NONNULL = YES;
				CLANG_ANALYZER_NUMBER_OBJECT_CONVERSION = YES_AGGRESSIVE;
				CLANG_CXX_LANGUAGE_STANDARD = "gnu++14";
				CLANG_CXX_LIBRARY = "libc++";
				CLANG_ENABLE_MODULES = YES;
				CLANG_ENABLE_OBJC_ARC = YES;
				CLANG_ENABLE_OBJC_WEAK = YES;
				CLANG_WARN_BLOCK_CAPTURE_AUTORELEASING = YES;
				CLANG_WARN_BOOL_CONVERSION = YES;
				CLANG_WARN_COMMA = YES;
				CLANG_WARN_CONSTANT_CONVERSION = YES;
				CLANG_WARN_DEPRECATED_OBJC_IMPLEMENTATIONS = YES;
				CLANG_WARN_DIRECT_OBJC_ISA_USAGE = YES_ERROR;
				CLANG_WARN_DOCUMENTATION_COMMENTS = YES;
				CLANG_WARN_EMPTY_BODY = YES;
				CLANG_WARN_ENUM_CONVERSION = YES;
				CLANG_WARN_INFINITE_RECURSION = YES;
				CLANG_WARN_INT_CONVERSION = YES;
				CLANG_WARN_NON_LITERAL_NULL_CONVERSION = YES;
				CLANG_WARN_OBJC_IMPLICIT_RETAIN_SELF = YES;
				CLANG_WARN_OBJC_LITERAL_CONVERSION = YES;
				CLANG_WARN_OBJC_ROOT_CLASS = YES_ERROR;
				CLANG_WARN_QUOTED_INCLUDE_IN_FRAMEWORK_HEADER = YES;
				CLANG_WARN_RANGE_LOOP_ANALYSIS = YES;
				CLANG_WARN_STRICT_PROTOTYPES = YES;
				CLANG_WARN_SUSPICIOUS_MOVE = YES;
				CLANG_WARN_UNGUARDED_AVAILABILITY = YES_AGGRESSIVE;
				CLANG_WARN_UNREACHABLE_CODE = YES;
				CLANG_WARN__DUPLICATE_METHOD_MATCH = YES;
				COPY_PHASE_STRIP = NO;
				DEBUG_INFORMATION_FORMAT = dwarf;
				ENABLE_STRICT_OBJC_MSGSEND = YES;
				ENABLE_TESTABILITY = YES;
				GCC_C_LANGUAGE_STANDARD = gnu11;
				GCC_DYNAMIC_NO_PIC = NO;
				GCC_NO_COMMON_BLOCKS = YES;
				GCC_OPTIMIZATION_LEVEL = 0;
				GCC_PREPROCESSOR_DEFINITIONS = (
					"DEBUG=1",
					"$(inherited)",
				);
				GCC_WARN_64_TO_32_BIT_CONVERSION = YES;
				GCC_WARN_ABOUT_RETURN_TYPE = YES_ERROR;
				GCC_WARN_UNDECLARED_SELECTOR = YES;
				GCC_WARN_UNINITIALIZED_AUTOS = YES_AGGRESSIVE;
				GCC_WARN_UNUSED_FUNCTION = YES;
				GCC_WARN_UNUSED_VARIABLE = YES;
				IPHONEOS_DEPLOYMENT_TARGET = 14.0;
				MTL_ENABLE_DEBUG_INFO = INCLUDE_SOURCE;
				MTL_FAST_MATH = YES;
				ONLY_ACTIVE_ARCH = YES;
				SDKROOT = iphoneos;
				SWIFT_ACTIVE_COMPILATION_CONDITIONS = DEBUG;
				SWIFT_OPTIMIZATION_LEVEL = "-Onone";
			};
			name = Debug;
		};
		18F93B3C24B71D21006621DB /* Release */ = {
			isa = XCBuildConfiguration;
			buildSettings = {
				ALWAYS_SEARCH_USER_PATHS = NO;
				CLANG_ANALYZER_NONNULL = YES;
				CLANG_ANALYZER_NUMBER_OBJECT_CONVERSION = YES_AGGRESSIVE;
				CLANG_CXX_LANGUAGE_STANDARD = "gnu++14";
				CLANG_CXX_LIBRARY = "libc++";
				CLANG_ENABLE_MODULES = YES;
				CLANG_ENABLE_OBJC_ARC = YES;
				CLANG_ENABLE_OBJC_WEAK = YES;
				CLANG_WARN_BLOCK_CAPTURE_AUTORELEASING = YES;
				CLANG_WARN_BOOL_CONVERSION = YES;
				CLANG_WARN_COMMA = YES;
				CLANG_WARN_CONSTANT_CONVERSION = YES;
				CLANG_WARN_DEPRECATED_OBJC_IMPLEMENTATIONS = YES;
				CLANG_WARN_DIRECT_OBJC_ISA_USAGE = YES_ERROR;
				CLANG_WARN_DOCUMENTATION_COMMENTS = YES;
				CLANG_WARN_EMPTY_BODY = YES;
				CLANG_WARN_ENUM_CONVERSION = YES;
				CLANG_WARN_INFINITE_RECURSION = YES;
				CLANG_WARN_INT_CONVERSION = YES;
				CLANG_WARN_NON_LITERAL_NULL_CONVERSION = YES;
				CLANG_WARN_OBJC_IMPLICIT_RETAIN_SELF = YES;
				CLANG_WARN_OBJC_LITERAL_CONVERSION = YES;
				CLANG_WARN_OBJC_ROOT_CLASS = YES_ERROR;
				CLANG_WARN_QUOTED_INCLUDE_IN_FRAMEWORK_HEADER = YES;
				CLANG_WARN_RANGE_LOOP_ANALYSIS = YES;
				CLANG_WARN_STRICT_PROTOTYPES = YES;
				CLANG_WARN_SUSPICIOUS_MOVE = YES;
				CLANG_WARN_UNGUARDED_AVAILABILITY = YES_AGGRESSIVE;
				CLANG_WARN_UNREACHABLE_CODE = YES;
				CLANG_WARN__DUPLICATE_METHOD_MATCH = YES;
				COPY_PHASE_STRIP = NO;
				DEBUG_INFORMATION_FORMAT = "dwarf-with-dsym";
				ENABLE_NS_ASSERTIONS = NO;
				ENABLE_STRICT_OBJC_MSGSEND = YES;
				GCC_C_LANGUAGE_STANDARD = gnu11;
				GCC_NO_COMMON_BLOCKS = YES;
				GCC_WARN_64_TO_32_BIT_CONVERSION = YES;
				GCC_WARN_ABOUT_RETURN_TYPE = YES_ERROR;
				GCC_WARN_UNDECLARED_SELECTOR = YES;
				GCC_WARN_UNINITIALIZED_AUTOS = YES_AGGRESSIVE;
				GCC_WARN_UNUSED_FUNCTION = YES;
				GCC_WARN_UNUSED_VARIABLE = YES;
				IPHONEOS_DEPLOYMENT_TARGET = 14.0;
				MTL_ENABLE_DEBUG_INFO = NO;
				MTL_FAST_MATH = YES;
				SDKROOT = iphoneos;
				SWIFT_COMPILATION_MODE = wholemodule;
				SWIFT_OPTIMIZATION_LEVEL = "-O";
				VALIDATE_PRODUCT = YES;
			};
			name = Release;
		};
		18F93B3E24B71D21006621DB /* Debug */ = {
			isa = XCBuildConfiguration;
			baseConfigurationReference = 3DBFD7EC4C5C9240C19C4894 /* Pods-BoloIndya.debug.xcconfig */;
			buildSettings = {
				ASSETCATALOG_COMPILER_APPICON_NAME = AppIcon;
				CODE_SIGN_ENTITLEMENTS = BoloIndya/BoloIndya.entitlements;
				CODE_SIGN_IDENTITY = "Apple Development";
				CODE_SIGN_STYLE = Automatic;
				CURRENT_PROJECT_VERSION = 1;
				DEVELOPMENT_TEAM = G25XAGBSCB;
				FRAMEWORK_SEARCH_PATHS = (
					"$(inherited)",
					"$(PROJECT_DIR)/BoloIndya/utility",
					"$(PROJECT_DIR)/BoloIndya/Framework",
					"$(PROJECT_DIR)",
				);
				INFOPLIST_FILE = BoloIndya/Info.plist;
				IPHONEOS_DEPLOYMENT_TARGET = 11.0;
				LD_RUNPATH_SEARCH_PATHS = (
					"$(inherited)",
					"@executable_path/Frameworks",
				);
				MARKETING_VERSION = 1.21;
				OTHER_LDFLAGS = (
					"$(inherited)",
					"-ObjC",
					"-l\"z\"",
					"-framework",
					"\"Accelerate\"",
					"-framework",
					"\"Alamofire\"",
					"-framework",
					"\"AlamofireObjectMapper\"",
					"-framework",
					"\"AppAuth\"",
					"-framework",
					"\"Branch\"",
					"-framework",
					"\"CFNetwork\"",
					"-framework",
					"\"CoreGraphics\"",
					"-framework",
					"\"CoreServices\"",
					"-framework",
					"\"CoreTelephony\"",
					"-framework",
					"\"CoreText\"",
					"-framework",
					"\"FBLPromises\"",
					"-framework",
					"\"FirebaseAuth\"",
					"-framework",
					"\"FirebaseCore\"",
					"-framework",
					"\"FirebaseCoreDiagnostics\"",
					"-framework",
					"\"Foundation\"",
					"-framework",
					"\"GTMAppAuth\"",
					"-framework",
					"\"GTMSessionFetcher\"",
					"-framework",
					"\"GoogleDataTransport\"",
					"-framework",
					"\"GoogleSignIn\"",
					"-framework",
					"\"GoogleUtilities\"",
					"-framework",
					"\"Kingfisher\"",
					"-framework",
					"\"LocalAuthentication\"",
					"-framework",
					"\"ObjectMapper\"",
					"-framework",
					"\"PryntTrimmerView\"",
					"-framework",
					"\"QuartzCore\"",
					"-framework",
					"\"SVProgressHUD\"",
					"-framework",
					"\"SafariServices\"",
					"-framework",
					"\"Security\"",
					"-framework",
					"\"Stevia\"",
					"-framework",
					"\"SystemConfiguration\"",
					"-framework",
					"\"UIKit\"",
					"-framework",
					"\"WebKit\"",
					"-framework",
					"\"YPImagePicker\"",
					"-framework",
					"\"iAd\"",
					"-framework",
					"\"nanopb\"",
					"-weak_framework",
					"\"AuthenticationServices\"",
					"-lsqlite3",
				);
				PRODUCT_BUNDLE_IDENTIFIER = com.boloindya.ios;
				PRODUCT_NAME = "$(TARGET_NAME)";
				PROVISIONING_PROFILE_SPECIFIER = "";
				SWIFT_VERSION = 5.0;
				TARGETED_DEVICE_FAMILY = 1;
				VALIDATE_WORKSPACE = YES;
			};
			name = Debug;
		};
		18F93B3F24B71D21006621DB /* Release */ = {
			isa = XCBuildConfiguration;
			baseConfigurationReference = 1B623EE2182CDA4627DA28CE /* Pods-BoloIndya.release.xcconfig */;
			buildSettings = {
				ASSETCATALOG_COMPILER_APPICON_NAME = AppIcon;
				CODE_SIGN_ENTITLEMENTS = BoloIndya/BoloIndya.entitlements;
				CODE_SIGN_IDENTITY = "Apple Development";
				CODE_SIGN_STYLE = Automatic;
				CURRENT_PROJECT_VERSION = 1;
				DEVELOPMENT_TEAM = G25XAGBSCB;
				FRAMEWORK_SEARCH_PATHS = (
					"$(inherited)",
					"$(PROJECT_DIR)/BoloIndya/utility",
					"$(PROJECT_DIR)/BoloIndya/Framework",
					"$(PROJECT_DIR)",
				);
				INFOPLIST_FILE = BoloIndya/Info.plist;
				IPHONEOS_DEPLOYMENT_TARGET = 11.0;
				LD_RUNPATH_SEARCH_PATHS = (
					"$(inherited)",
					"@executable_path/Frameworks",
				);
				MARKETING_VERSION = 1.21;
				OTHER_LDFLAGS = (
					"$(inherited)",
					"-ObjC",
					"-l\"z\"",
					"-framework",
					"\"Accelerate\"",
					"-framework",
					"\"Alamofire\"",
					"-framework",
					"\"AlamofireObjectMapper\"",
					"-framework",
					"\"AppAuth\"",
					"-framework",
					"\"Branch\"",
					"-framework",
					"\"CFNetwork\"",
					"-framework",
					"\"CoreGraphics\"",
					"-framework",
					"\"CoreServices\"",
					"-framework",
					"\"CoreTelephony\"",
					"-framework",
					"\"CoreText\"",
					"-framework",
					"\"FBLPromises\"",
					"-framework",
					"\"FirebaseAuth\"",
					"-framework",
					"\"FirebaseCore\"",
					"-framework",
					"\"FirebaseCoreDiagnostics\"",
					"-framework",
					"\"Foundation\"",
					"-framework",
					"\"GTMAppAuth\"",
					"-framework",
					"\"GTMSessionFetcher\"",
					"-framework",
					"\"GoogleDataTransport\"",
					"-framework",
					"\"GoogleSignIn\"",
					"-framework",
					"\"GoogleUtilities\"",
					"-framework",
					"\"Kingfisher\"",
					"-framework",
					"\"LocalAuthentication\"",
					"-framework",
					"\"ObjectMapper\"",
					"-framework",
					"\"PryntTrimmerView\"",
					"-framework",
					"\"QuartzCore\"",
					"-framework",
					"\"SVProgressHUD\"",
					"-framework",
					"\"SafariServices\"",
					"-framework",
					"\"Security\"",
					"-framework",
					"\"Stevia\"",
					"-framework",
					"\"SystemConfiguration\"",
					"-framework",
					"\"UIKit\"",
					"-framework",
					"\"WebKit\"",
					"-framework",
					"\"YPImagePicker\"",
					"-framework",
					"\"iAd\"",
					"-framework",
					"\"nanopb\"",
					"-weak_framework",
					"\"AuthenticationServices\"",
					"-lsqlite3",
				);
				PRODUCT_BUNDLE_IDENTIFIER = com.boloindya.ios;
				PRODUCT_NAME = "$(TARGET_NAME)";
				PROVISIONING_PROFILE_SPECIFIER = "";
				SWIFT_VERSION = 5.0;
				TARGETED_DEVICE_FAMILY = 1;
				VALIDATE_WORKSPACE = YES;
			};
			name = Release;
		};
/* End XCBuildConfiguration section */

/* Begin XCConfigurationList section */
		18F93B2424B71D1C006621DB /* Build configuration list for PBXProject "BoloIndya" */ = {
			isa = XCConfigurationList;
			buildConfigurations = (
				18F93B3B24B71D21006621DB /* Debug */,
				18F93B3C24B71D21006621DB /* Release */,
			);
			defaultConfigurationIsVisible = 0;
			defaultConfigurationName = Release;
		};
		18F93B3D24B71D21006621DB /* Build configuration list for PBXNativeTarget "BoloIndya" */ = {
			isa = XCConfigurationList;
			buildConfigurations = (
				18F93B3E24B71D21006621DB /* Debug */,
				18F93B3F24B71D21006621DB /* Release */,
			);
			defaultConfigurationIsVisible = 0;
			defaultConfigurationName = Release;
		};
/* End XCConfigurationList section */
	};
	rootObject = 18F93B2124B71D1C006621DB /* Project object */;
}
